// !$*UTF8*$!
{
	archiveVersion = 1;
	classes = {
	};
	objectVersion = 46;
	objects = {

/* Begin PBXBuildFile section */
		2E1D6E61194F695600819888 /* Bulletin.m in Sources */ = {isa = PBXBuildFile; fileRef = 2E1D6E60194F695600819888 /* Bulletin.m */; };
		2E1D6E6F194F79A400819888 /* Sermons2010ViewController.m in Sources */ = {isa = PBXBuildFile; fileRef = 2E1D6E6D194F79A400819888 /* Sermons2010ViewController.m */; };
		2E1D6E70194F79A400819888 /* Sermons2010ViewController.xib in Resources */ = {isa = PBXBuildFile; fileRef = 2E1D6E6E194F79A400819888 /* Sermons2010ViewController.xib */; };
		2E205E9B194B8DD90092C8BF /* SermonsViewController.m in Sources */ = {isa = PBXBuildFile; fileRef = 2E205E99194B8DD90092C8BF /* SermonsViewController.m */; };
		2E205E9C194B8DD90092C8BF /* SermonsViewController.xib in Resources */ = {isa = PBXBuildFile; fileRef = 2E205E9A194B8DD90092C8BF /* SermonsViewController.xib */; };
		2E3472331953B7B700AC769B /* Social.framework in Frameworks */ = {isa = PBXBuildFile; fileRef = 2E3472321953B7B700AC769B /* Social.framework */; };
		2E3F25C51A25700200F49267 /* pause44.png in Resources */ = {isa = PBXBuildFile; fileRef = 2E3F25C41A25700200F49267 /* pause44.png */; };
		2E3F25C71A25701A00F49267 /* media23.png in Resources */ = {isa = PBXBuildFile; fileRef = 2E3F25C61A25701A00F49267 /* media23.png */; };
		2E3F6B2A1957DE6500EE95B1 /* UniversalWebViewViewController.m in Sources */ = {isa = PBXBuildFile; fileRef = 2E3F6B281957DE6500EE95B1 /* UniversalWebViewViewController.m */; };
		2E3F6B2B1957DE6500EE95B1 /* UniversalWebViewViewController.xib in Resources */ = {isa = PBXBuildFile; fileRef = 2E3F6B291957DE6500EE95B1 /* UniversalWebViewViewController.xib */; };
		2E41833A1950A77F006D52EC /* SermonsTableViewCell.m in Sources */ = {isa = PBXBuildFile; fileRef = 2E4183381950A77F006D52EC /* SermonsTableViewCell.m */; };
		2E41833B1950A77F006D52EC /* SermonsTableViewCell.xib in Resources */ = {isa = PBXBuildFile; fileRef = 2E4183391950A77F006D52EC /* SermonsTableViewCell.xib */; };
		2E4A739C194F446900A17188 /* NewsLoggedinViewController.m in Sources */ = {isa = PBXBuildFile; fileRef = 2E4A739A194F446900A17188 /* NewsLoggedinViewController.m */; };
		2E4A739D194F446900A17188 /* NewsLoggedinViewController.xib in Resources */ = {isa = PBXBuildFile; fileRef = 2E4A739B194F446900A17188 /* NewsLoggedinViewController.xib */; };
		2E4B16AA19521D3500641710 /* DutyRosterTableViewCell.m in Sources */ = {isa = PBXBuildFile; fileRef = 2E4B16A819521D3500641710 /* DutyRosterTableViewCell.m */; };
		2E4B16AB19521D3500641710 /* DutyRosterTableViewCell.xib in Resources */ = {isa = PBXBuildFile; fileRef = 2E4B16A919521D3500641710 /* DutyRosterTableViewCell.xib */; };
		2E4B16AF19521D5100641710 /* DutyRoster.m in Sources */ = {isa = PBXBuildFile; fileRef = 2E4B16AE19521D5100641710 /* DutyRoster.m */; };
		2E4B16B91952274000641710 /* Tweet.m in Sources */ = {isa = PBXBuildFile; fileRef = 2E4B16B81952274000641710 /* Tweet.m */; };
		2E4B16BD19522F3B00641710 /* TweetTableViewCell.m in Sources */ = {isa = PBXBuildFile; fileRef = 2E4B16BB19522F3B00641710 /* TweetTableViewCell.m */; };
		2E4B16BE19522F3B00641710 /* TweetTableViewCell.xib in Resources */ = {isa = PBXBuildFile; fileRef = 2E4B16BC19522F3B00641710 /* TweetTableViewCell.xib */; };
		2E4F92B5194B65B300BC23F2 /* TFHpple.m in Sources */ = {isa = PBXBuildFile; fileRef = 2E4F92B0194B65B300BC23F2 /* TFHpple.m */; };
		2E4F92B6194B65B300BC23F2 /* TFHppleElement.m in Sources */ = {isa = PBXBuildFile; fileRef = 2E4F92B2194B65B300BC23F2 /* TFHppleElement.m */; };
		2E4F92B7194B65B300BC23F2 /* XPathQuery.m in Sources */ = {isa = PBXBuildFile; fileRef = 2E4F92B4194B65B300BC23F2 /* XPathQuery.m */; };
		2E52E3D81948AE0E00B46786 /* Foundation.framework in Frameworks */ = {isa = PBXBuildFile; fileRef = 2E52E3D71948AE0E00B46786 /* Foundation.framework */; };
		2E52E3DA1948AE0E00B46786 /* CoreGraphics.framework in Frameworks */ = {isa = PBXBuildFile; fileRef = 2E52E3D91948AE0E00B46786 /* CoreGraphics.framework */; };
		2E52E3DC1948AE0E00B46786 /* UIKit.framework in Frameworks */ = {isa = PBXBuildFile; fileRef = 2E52E3DB1948AE0E00B46786 /* UIKit.framework */; };
		2E52E3E21948AE0E00B46786 /* InfoPlist.strings in Resources */ = {isa = PBXBuildFile; fileRef = 2E52E3E01948AE0E00B46786 /* InfoPlist.strings */; };
		2E52E3E41948AE0E00B46786 /* main.m in Sources */ = {isa = PBXBuildFile; fileRef = 2E52E3E31948AE0E00B46786 /* main.m */; };
		2E52E3E81948AE0E00B46786 /* AppDelegate.m in Sources */ = {isa = PBXBuildFile; fileRef = 2E52E3E71948AE0E00B46786 /* AppDelegate.m */; };
		2E52E3EA1948AE0E00B46786 /* Images.xcassets in Resources */ = {isa = PBXBuildFile; fileRef = 2E52E3E91948AE0E00B46786 /* Images.xcassets */; };
		2E52E3F21948AE0F00B46786 /* Foundation.framework in Frameworks */ = {isa = PBXBuildFile; fileRef = 2E52E3D71948AE0E00B46786 /* Foundation.framework */; };
		2E52E3F31948AE0F00B46786 /* UIKit.framework in Frameworks */ = {isa = PBXBuildFile; fileRef = 2E52E3DB1948AE0E00B46786 /* UIKit.framework */; };
		2E52E3FB1948AE0F00B46786 /* InfoPlist.strings in Resources */ = {isa = PBXBuildFile; fileRef = 2E52E3F91948AE0F00B46786 /* InfoPlist.strings */; };
		2E52E3FD1948AE0F00B46786 /* NorthwoodAppTests.m in Sources */ = {isa = PBXBuildFile; fileRef = 2E52E3FC1948AE0F00B46786 /* NorthwoodAppTests.m */; };
		2E52E4371948BD9800B46786 /* HomeViewController.m in Sources */ = {isa = PBXBuildFile; fileRef = 2E52E4351948BD9800B46786 /* HomeViewController.m */; };
		2E52E4381948BD9800B46786 /* HomeViewController.xib in Resources */ = {isa = PBXBuildFile; fileRef = 2E52E4361948BD9800B46786 /* HomeViewController.xib */; };
		2E52E44B1948E19A00B46786 /* SettingsViewController.m in Sources */ = {isa = PBXBuildFile; fileRef = 2E52E4491948E19A00B46786 /* SettingsViewController.m */; };
		2E52E44C1948E19A00B46786 /* SettingsViewController.xib in Resources */ = {isa = PBXBuildFile; fileRef = 2E52E44A1948E19A00B46786 /* SettingsViewController.xib */; };
		2E52E56B1959F7A800CC0BD4 /* AVFoundation.framework in Frameworks */ = {isa = PBXBuildFile; fileRef = 2E52E56A1959F7A800CC0BD4 /* AVFoundation.framework */; };
		2E52E56F1959F95100CC0BD4 /* BigTweetViewController.m in Sources */ = {isa = PBXBuildFile; fileRef = 2E52E56D1959F95100CC0BD4 /* BigTweetViewController.m */; };
		2E52E5701959F95100CC0BD4 /* BigTweetViewController.xib in Resources */ = {isa = PBXBuildFile; fileRef = 2E52E56E1959F95100CC0BD4 /* BigTweetViewController.xib */; };
		2E5B18F01962588300E96F61 /* MailRequestViewController.m in Sources */ = {isa = PBXBuildFile; fileRef = 2E5B18EE1962588300E96F61 /* MailRequestViewController.m */; };
		2E5B18F11962588300E96F61 /* MailRequestViewController.xib in Resources */ = {isa = PBXBuildFile; fileRef = 2E5B18EF1962588300E96F61 /* MailRequestViewController.xib */; };
		2E5D4A9419859FB6004FC91B /* 07bible.jpg in Resources */ = {isa = PBXBuildFile; fileRef = 2E5D4A7A19859FB6004FC91B /* 07bible.jpg */; };
		2E5D4A9519859FB6004FC91B /* bible.png in Resources */ = {isa = PBXBuildFile; fileRef = 2E5D4A7B19859FB6004FC91B /* bible.png */; };
		2E5D4A9619859FB6004FC91B /* businessman212.png in Resources */ = {isa = PBXBuildFile; fileRef = 2E5D4A7C19859FB6004FC91B /* businessman212.png */; };
		2E5D4A9719859FB6004FC91B /* crowd.png in Resources */ = {isa = PBXBuildFile; fileRef = 2E5D4A7D19859FB6004FC91B /* crowd.png */; };
		2E5D4A9819859FB6004FC91B /* crowdBIG.png in Resources */ = {isa = PBXBuildFile; fileRef = 2E5D4A7E19859FB6004FC91B /* crowdBIG.png */; };
		2E5D4A9919859FB6004FC91B /* home65.png in Resources */ = {isa = PBXBuildFile; fileRef = 2E5D4A7F19859FB6004FC91B /* home65.png */; };
		2E5D4A9B19859FB6004FC91B /* multiple25.png in Resources */ = {isa = PBXBuildFile; fileRef = 2E5D4A8119859FB6004FC91B /* multiple25.png */; };
		2E5D4A9C19859FB6004FC91B /* multiple25BIG.png in Resources */ = {isa = PBXBuildFile; fileRef = 2E5D4A8219859FB6004FC91B /* multiple25BIG.png */; };
		2E5D4A9D19859FB6004FC91B /* NorthwoodCoCIcon.png in Resources */ = {isa = PBXBuildFile; fileRef = 2E5D4A8319859FB6004FC91B /* NorthwoodCoCIcon.png */; };
		2E5D4A9E19859FB6004FC91B /* icon_58.png in Resources */ = {isa = PBXBuildFile; fileRef = 2E5D4A8419859FB6004FC91B /* icon_58.png */; };
		2E5D4A9F19859FB6004FC91B /* icon_80.png in Resources */ = {isa = PBXBuildFile; fileRef = 2E5D4A8519859FB6004FC91B /* icon_80.png */; };
		2E5D4AA019859FB6004FC91B /* icon_120.png in Resources */ = {isa = PBXBuildFile; fileRef = 2E5D4A8619859FB6004FC91B /* icon_120.png */; };
		2E5D4AA219859FB6004FC91B /* Northwood_splash35.png in Resources */ = {isa = PBXBuildFile; fileRef = 2E5D4A8819859FB6004FC91B /* Northwood_splash35.png */; };
		2E5D4AA319859FB6004FC91B /* Northwood_splash4.png in Resources */ = {isa = PBXBuildFile; fileRef = 2E5D4A8919859FB6004FC91B /* Northwood_splash4.png */; };
		2E5D4AA419859FB6004FC91B /* philippians-series.jpg in Resources */ = {isa = PBXBuildFile; fileRef = 2E5D4A8A19859FB6004FC91B /* philippians-series.jpg */; };
		2E5D4AA519859FB6004FC91B /* phillipians.png in Resources */ = {isa = PBXBuildFile; fileRef = 2E5D4A8B19859FB6004FC91B /* phillipians.png */; };
		2E5D4AA619859FB6004FC91B /* phone329.png in Resources */ = {isa = PBXBuildFile; fileRef = 2E5D4A8C19859FB6004FC91B /* phone329.png */; };
		2E5D4AA719859FB6004FC91B /* phone329BIG.png in Resources */ = {isa = PBXBuildFile; fileRef = 2E5D4A8D19859FB6004FC91B /* phone329BIG.png */; };
		2E5D4AA819859FB6004FC91B /* read2.png in Resources */ = {isa = PBXBuildFile; fileRef = 2E5D4A8E19859FB6004FC91B /* read2.png */; };
		2E5D4AA919859FB6004FC91B /* read2BIG.png in Resources */ = {isa = PBXBuildFile; fileRef = 2E5D4A8F19859FB6004FC91B /* read2BIG.png */; };
		2E5D4AAA19859FB6004FC91B /* Twitter_filled.png in Resources */ = {isa = PBXBuildFile; fileRef = 2E5D4A9019859FB6004FC91B /* Twitter_filled.png */; };
		2E5D4AAB19859FB6004FC91B /* Twitter_filled@2x.png in Resources */ = {isa = PBXBuildFile; fileRef = 2E5D4A9119859FB6004FC91B /* Twitter_filled@2x.png */; };
		2E5D4AAC19859FB6004FC91B /* Twitter.png in Resources */ = {isa = PBXBuildFile; fileRef = 2E5D4A9219859FB6004FC91B /* Twitter.png */; };
		2E5D4AAD19859FB6004FC91B /* Twitter2x.png in Resources */ = {isa = PBXBuildFile; fileRef = 2E5D4A9319859FB6004FC91B /* Twitter2x.png */; };
		2E5D4AAF1985A1D4004FC91B /* home65BIG.png in Resources */ = {isa = PBXBuildFile; fileRef = 2E5D4AAE1985A1D4004FC91B /* home65BIG.png */; };
		2E5D4AB51985A21E004FC91B /* crowd@2x.png in Resources */ = {isa = PBXBuildFile; fileRef = 2E5D4AB01985A21E004FC91B /* crowd@2x.png */; };
		2E5D4AB61985A21E004FC91B /* home65@2x.png in Resources */ = {isa = PBXBuildFile; fileRef = 2E5D4AB11985A21E004FC91B /* home65@2x.png */; };
		2E5D4AB71985A21E004FC91B /* multiple25@2x.png in Resources */ = {isa = PBXBuildFile; fileRef = 2E5D4AB21985A21E004FC91B /* multiple25@2x.png */; };
		2E5D4AB81985A21E004FC91B /* phone329@2x.png in Resources */ = {isa = PBXBuildFile; fileRef = 2E5D4AB31985A21E004FC91B /* phone329@2x.png */; };
		2E5D4AB91985A21E004FC91B /* read2@2x.png in Resources */ = {isa = PBXBuildFile; fileRef = 2E5D4AB41985A21E004FC91B /* read2@2x.png */; };
		2E632D6B19758DA9006EA4C4 /* NetworkStatus.m in Sources */ = {isa = PBXBuildFile; fileRef = 2E632D6A19758DA9006EA4C4 /* NetworkStatus.m */; };
		2E69A33B194E3B1A00890226 /* Sermon.m in Sources */ = {isa = PBXBuildFile; fileRef = 2E69A33A194E3B1A00890226 /* Sermon.m */; };
		2E69A345194E3D0C00890226 /* HomeNavigationViewController.m in Sources */ = {isa = PBXBuildFile; fileRef = 2E69A33E194E3D0C00890226 /* HomeNavigationViewController.m */; };
		2E69A346194E3D0C00890226 /* NewsNavigationViewController.m in Sources */ = {isa = PBXBuildFile; fileRef = 2E69A340194E3D0C00890226 /* NewsNavigationViewController.m */; };
		2E69A347194E3D0C00890226 /* SermonsNavigationViewController.m in Sources */ = {isa = PBXBuildFile; fileRef = 2E69A342194E3D0C00890226 /* SermonsNavigationViewController.m */; };
		2E6CD0B919568BA3007B7BF8 /* ContactUs.m in Sources */ = {isa = PBXBuildFile; fileRef = 2E6CD0B819568BA3007B7BF8 /* ContactUs.m */; };
		2E6CD0BE19568BD4007B7BF8 /* ContactUsTableViewCell.m in Sources */ = {isa = PBXBuildFile; fileRef = 2E6CD0BC19568BD4007B7BF8 /* ContactUsTableViewCell.m */; };
		2E6CD0BF19568BD4007B7BF8 /* ContactUsTableViewCell.xib in Resources */ = {isa = PBXBuildFile; fileRef = 2E6CD0BD19568BD4007B7BF8 /* ContactUsTableViewCell.xib */; };
		2E7021CA197ECC260037CBE5 /* TabBarController.m in Sources */ = {isa = PBXBuildFile; fileRef = 2E7021C9197ECC260037CBE5 /* TabBarController.m */; };
		2E722F231978B6DF006EB580 /* ASIAuthenticationDialog.m in Sources */ = {isa = PBXBuildFile; fileRef = 2E722F221978B6DF006EB580 /* ASIAuthenticationDialog.m */; settings = {COMPILER_FLAGS = "-fno-objc-arc"; }; };
		2E722F2C1978B78E006EB580 /* ASIDataDecompressor.m in Sources */ = {isa = PBXBuildFile; fileRef = 2E722F2A1978B78E006EB580 /* ASIDataDecompressor.m */; settings = {COMPILER_FLAGS = "-fno-objc-arc"; }; };
		2E722F2E1978B8EA006EB580 /* CFNetwork.framework in Frameworks */ = {isa = PBXBuildFile; fileRef = 2E722F2D1978B8EA006EB580 /* CFNetwork.framework */; };
		2E722F361978BB3A006EB580 /* SystemConfiguration.framework in Frameworks */ = {isa = PBXBuildFile; fileRef = 2E722F351978BB3A006EB580 /* SystemConfiguration.framework */; };
		2E722F381978BB49006EB580 /* MobileCoreServices.framework in Frameworks */ = {isa = PBXBuildFile; fileRef = 2E722F371978BB49006EB580 /* MobileCoreServices.framework */; };
		2E722F401978BDDB006EB580 /* libxml2.2.dylib in Frameworks */ = {isa = PBXBuildFile; fileRef = 2E722F3F1978BDDB006EB580 /* libxml2.2.dylib */; };
		2E722F431978C100006EB580 /* ASINetworkQueue.m in Sources */ = {isa = PBXBuildFile; fileRef = 2E722F301978B9F9006EB580 /* ASINetworkQueue.m */; settings = {COMPILER_FLAGS = "-fno-objc-arc"; }; };
		2E722F441978C100006EB580 /* ASIDataCompressor.m in Sources */ = {isa = PBXBuildFile; fileRef = 2E722F281978B78E006EB580 /* ASIDataCompressor.m */; settings = {COMPILER_FLAGS = "-fno-objc-arc"; }; };
		2E722F451978C100006EB580 /* ASIInputStream.m in Sources */ = {isa = PBXBuildFile; fileRef = 2E722F251978B732006EB580 /* ASIInputStream.m */; settings = {COMPILER_FLAGS = "-fno-objc-arc"; }; };
		2E722F461978C100006EB580 /* ASIDownloadCache.m in Sources */ = {isa = PBXBuildFile; fileRef = 2E722F1D1978B4A1006EB580 /* ASIDownloadCache.m */; settings = {COMPILER_FLAGS = "-fno-objc-arc"; }; };
		2E722F471978C100006EB580 /* ASIHTTPRequest.m in Sources */ = {isa = PBXBuildFile; fileRef = 2E722F111978B00A006EB580 /* ASIHTTPRequest.m */; settings = {COMPILER_FLAGS = "-fno-objc-arc"; }; };
		2E722F4D1978C436006EB580 /* libz.1.1.3.dylib in Frameworks */ = {isa = PBXBuildFile; fileRef = 2E722F3B1978BB82006EB580 /* libz.1.1.3.dylib */; };
		2E722F501978C6FA006EB580 /* Reachability.m in Sources */ = {isa = PBXBuildFile; fileRef = 2E722F4F1978C6FA006EB580 /* Reachability.m */; settings = {COMPILER_FLAGS = "-fno-objc-arc"; }; };
		2E722F531978E3A4006EB580 /* FileDownloader.m in Sources */ = {isa = PBXBuildFile; fileRef = 2E722F521978E3A4006EB580 /* FileDownloader.m */; };
		2E789E0D195127040061423E /* PrayerListTableViewCell.m in Sources */ = {isa = PBXBuildFile; fileRef = 2E789E0B195127040061423E /* PrayerListTableViewCell.m */; };
		2E789E0E195127040061423E /* PrayerListTableViewCell.xib in Resources */ = {isa = PBXBuildFile; fileRef = 2E789E0C195127040061423E /* PrayerListTableViewCell.xib */; };
		2E789E12195130B70061423E /* PrayerList.m in Sources */ = {isa = PBXBuildFile; fileRef = 2E789E11195130B70061423E /* PrayerList.m */; };
		2E7F0DE119FADCDF001595E0 /* cogwheel22.png in Resources */ = {isa = PBXBuildFile; fileRef = 2E7F0DDF19FADCDF001595E0 /* cogwheel22.png */; };
		2E7F0DE219FADCDF001595E0 /* cogwheel22@2x.png in Resources */ = {isa = PBXBuildFile; fileRef = 2E7F0DE019FADCDF001595E0 /* cogwheel22@2x.png */; };
		2E8536D019540D1900C8864E /* LogginginViewController.m in Sources */ = {isa = PBXBuildFile; fileRef = 2E8536CE19540D1900C8864E /* LogginginViewController.m */; };
		2E8536D119540D1900C8864E /* LogginginViewController.xib in Resources */ = {isa = PBXBuildFile; fileRef = 2E8536CF19540D1900C8864E /* LogginginViewController.xib */; };
		2E8B4A841A2F504C00B43E9A /* SermonYear.m in Sources */ = {isa = PBXBuildFile; fileRef = 2E8B4A831A2F504C00B43E9A /* SermonYear.m */; };
		2E945BC719F69B3800A135FA /* SettingsNavigationViewController.m in Sources */ = {isa = PBXBuildFile; fileRef = 2E945BC619F69B3800A135FA /* SettingsNavigationViewController.m */; };
		2E9B627119F4700A00AD351B /* SlidingMenuController.m in Sources */ = {isa = PBXBuildFile; fileRef = 2E9B626F19F4700A00AD351B /* SlidingMenuController.m */; };
		2E9B627219F4700A00AD351B /* SlidingMenuController.xib in Resources */ = {isa = PBXBuildFile; fileRef = 2E9B627019F4700A00AD351B /* SlidingMenuController.xib */; };
		2E9CD70919560E3900822E1D /* SermonDateTableViewCell.m in Sources */ = {isa = PBXBuildFile; fileRef = 2E9CD70719560E3900822E1D /* SermonDateTableViewCell.m */; };
		2E9CD70A19560E3900822E1D /* SermonDateTableViewCell.xib in Resources */ = {isa = PBXBuildFile; fileRef = 2E9CD70819560E3900822E1D /* SermonDateTableViewCell.xib */; };
		2E9CD7171956213700822E1D /* DirectoryTableViewCell.m in Sources */ = {isa = PBXBuildFile; fileRef = 2E9CD7151956213700822E1D /* DirectoryTableViewCell.m */; };
		2E9CD7181956213700822E1D /* DirectoryTableViewCell.xib in Resources */ = {isa = PBXBuildFile; fileRef = 2E9CD7161956213700822E1D /* DirectoryTableViewCell.xib */; };
		2E9CD72019562B1B00822E1D /* ContactUsViewController.m in Sources */ = {isa = PBXBuildFile; fileRef = 2E9CD71E19562B1B00822E1D /* ContactUsViewController.m */; };
		2E9CD72119562B1B00822E1D /* ContactUsViewController.xib in Resources */ = {isa = PBXBuildFile; fileRef = 2E9CD71F19562B1B00822E1D /* ContactUsViewController.xib */; };
		2E9CD72519562C0C00822E1D /* ContactUsNavigationViewController.m in Sources */ = {isa = PBXBuildFile; fileRef = 2E9CD72419562C0C00822E1D /* ContactUsNavigationViewController.m */; };
		2E9CD7281956437400822E1D /* Directory.m in Sources */ = {isa = PBXBuildFile; fileRef = 2E9CD7271956437400822E1D /* Directory.m */; };
		2E9EFB5D196B4F4C003E7468 /* Default-568h@2x.png in Resources */ = {isa = PBXBuildFile; fileRef = 2E9EFB5C196B4F4C003E7468 /* Default-568h@2x.png */; };
		2EA0F8F01A3E431700A7AE20 /* PDFCleaner.m in Sources */ = {isa = PBXBuildFile; fileRef = 2EA0F8EF1A3E431700A7AE20 /* PDFCleaner.m */; };
		2EA4F35119A4E07C001E1261 /* list26.png in Resources */ = {isa = PBXBuildFile; fileRef = 2EA4F34F19A4E07C001E1261 /* list26.png */; };
		2EA4F35219A4E07C001E1261 /* list26@2x.png in Resources */ = {isa = PBXBuildFile; fileRef = 2EA4F35019A4E07C001E1261 /* list26@2x.png */; };
		2EABE9141A243A8100C20922 /* AudioPlayerTableViewCell.m in Sources */ = {isa = PBXBuildFile; fileRef = 2EABE9121A243A8100C20922 /* AudioPlayerTableViewCell.m */; };
		2EABE9151A243A8100C20922 /* AudioPlayerTableViewCell.xib in Resources */ = {isa = PBXBuildFile; fileRef = 2EABE9131A243A8100C20922 /* AudioPlayerTableViewCell.xib */; };
		2EBC926A1951F8A600758A1E /* BulletinTableViewCell.m in Sources */ = {isa = PBXBuildFile; fileRef = 2EBC92681951F8A600758A1E /* BulletinTableViewCell.m */; };
		2EBC926B1951F8A600758A1E /* BulletinTableViewCell.xib in Resources */ = {isa = PBXBuildFile; fileRef = 2EBC92691951F8A600758A1E /* BulletinTableViewCell.xib */; };
/* End PBXBuildFile section */

/* Begin PBXContainerItemProxy section */
		2E52E3F41948AE0F00B46786 /* PBXContainerItemProxy */ = {
			isa = PBXContainerItemProxy;
			containerPortal = 2E52E3CC1948AE0E00B46786 /* Project object */;
			proxyType = 1;
			remoteGlobalIDString = 2E52E3D31948AE0E00B46786;
			remoteInfo = NorthwoodApp;
		};
/* End PBXContainerItemProxy section */

/* Begin PBXFileReference section */
		2E1D6E5F194F695600819888 /* Bulletin.h */ = {isa = PBXFileReference; fileEncoding = 4; lastKnownFileType = sourcecode.c.h; path = Bulletin.h; sourceTree = "<group>"; };
		2E1D6E60194F695600819888 /* Bulletin.m */ = {isa = PBXFileReference; fileEncoding = 4; lastKnownFileType = sourcecode.c.objc; path = Bulletin.m; sourceTree = "<group>"; };
		2E1D6E6C194F79A400819888 /* Sermons2010ViewController.h */ = {isa = PBXFileReference; fileEncoding = 4; lastKnownFileType = sourcecode.c.h; path = Sermons2010ViewController.h; sourceTree = "<group>"; };
		2E1D6E6D194F79A400819888 /* Sermons2010ViewController.m */ = {isa = PBXFileReference; fileEncoding = 4; lastKnownFileType = sourcecode.c.objc; path = Sermons2010ViewController.m; sourceTree = "<group>"; };
		2E1D6E6E194F79A400819888 /* Sermons2010ViewController.xib */ = {isa = PBXFileReference; fileEncoding = 4; lastKnownFileType = file.xib; path = Sermons2010ViewController.xib; sourceTree = "<group>"; };
		2E205E8F194B84770092C8BF /* libxml2.dylib */ = {isa = PBXFileReference; lastKnownFileType = "compiled.mach-o.dylib"; name = libxml2.dylib; path = usr/lib/libxml2.dylib; sourceTree = SDKROOT; };
		2E205E98194B8DD90092C8BF /* SermonsViewController.h */ = {isa = PBXFileReference; fileEncoding = 4; lastKnownFileType = sourcecode.c.h; path = SermonsViewController.h; sourceTree = "<group>"; };
		2E205E99194B8DD90092C8BF /* SermonsViewController.m */ = {isa = PBXFileReference; fileEncoding = 4; lastKnownFileType = sourcecode.c.objc; path = SermonsViewController.m; sourceTree = "<group>"; };
		2E205E9A194B8DD90092C8BF /* SermonsViewController.xib */ = {isa = PBXFileReference; fileEncoding = 4; lastKnownFileType = file.xib; path = SermonsViewController.xib; sourceTree = "<group>"; };
		2E3472321953B7B700AC769B /* Social.framework */ = {isa = PBXFileReference; lastKnownFileType = wrapper.framework; name = Social.framework; path = System/Library/Frameworks/Social.framework; sourceTree = SDKROOT; };
		2E3F25C41A25700200F49267 /* pause44.png */ = {isa = PBXFileReference; lastKnownFileType = image.png; name = pause44.png; path = images/pause44.png; sourceTree = SOURCE_ROOT; };
		2E3F25C61A25701A00F49267 /* media23.png */ = {isa = PBXFileReference; lastKnownFileType = image.png; name = media23.png; path = images/media23.png; sourceTree = SOURCE_ROOT; };
		2E3F6B271957DE6500EE95B1 /* UniversalWebViewViewController.h */ = {isa = PBXFileReference; fileEncoding = 4; lastKnownFileType = sourcecode.c.h; path = UniversalWebViewViewController.h; sourceTree = "<group>"; };
		2E3F6B281957DE6500EE95B1 /* UniversalWebViewViewController.m */ = {isa = PBXFileReference; fileEncoding = 4; lastKnownFileType = sourcecode.c.objc; path = UniversalWebViewViewController.m; sourceTree = "<group>"; };
		2E3F6B291957DE6500EE95B1 /* UniversalWebViewViewController.xib */ = {isa = PBXFileReference; fileEncoding = 4; lastKnownFileType = file.xib; path = UniversalWebViewViewController.xib; sourceTree = "<group>"; };
		2E4183371950A77F006D52EC /* SermonsTableViewCell.h */ = {isa = PBXFileReference; fileEncoding = 4; lastKnownFileType = sourcecode.c.h; path = SermonsTableViewCell.h; sourceTree = "<group>"; };
		2E4183381950A77F006D52EC /* SermonsTableViewCell.m */ = {isa = PBXFileReference; fileEncoding = 4; lastKnownFileType = sourcecode.c.objc; path = SermonsTableViewCell.m; sourceTree = "<group>"; };
		2E4183391950A77F006D52EC /* SermonsTableViewCell.xib */ = {isa = PBXFileReference; fileEncoding = 4; lastKnownFileType = file.xib; path = SermonsTableViewCell.xib; sourceTree = "<group>"; };
		2E4A7399194F446900A17188 /* NewsLoggedinViewController.h */ = {isa = PBXFileReference; fileEncoding = 4; lastKnownFileType = sourcecode.c.h; path = NewsLoggedinViewController.h; sourceTree = "<group>"; };
		2E4A739A194F446900A17188 /* NewsLoggedinViewController.m */ = {isa = PBXFileReference; fileEncoding = 4; lastKnownFileType = sourcecode.c.objc; path = NewsLoggedinViewController.m; sourceTree = "<group>"; };
		2E4A739B194F446900A17188 /* NewsLoggedinViewController.xib */ = {isa = PBXFileReference; fileEncoding = 4; lastKnownFileType = file.xib; path = NewsLoggedinViewController.xib; sourceTree = "<group>"; };
		2E4B16A719521D3500641710 /* DutyRosterTableViewCell.h */ = {isa = PBXFileReference; fileEncoding = 4; lastKnownFileType = sourcecode.c.h; path = DutyRosterTableViewCell.h; sourceTree = "<group>"; };
		2E4B16A819521D3500641710 /* DutyRosterTableViewCell.m */ = {isa = PBXFileReference; fileEncoding = 4; lastKnownFileType = sourcecode.c.objc; path = DutyRosterTableViewCell.m; sourceTree = "<group>"; };
		2E4B16A919521D3500641710 /* DutyRosterTableViewCell.xib */ = {isa = PBXFileReference; fileEncoding = 4; lastKnownFileType = file.xib; path = DutyRosterTableViewCell.xib; sourceTree = "<group>"; };
		2E4B16AD19521D5100641710 /* DutyRoster.h */ = {isa = PBXFileReference; fileEncoding = 4; lastKnownFileType = sourcecode.c.h; path = DutyRoster.h; sourceTree = "<group>"; };
		2E4B16AE19521D5100641710 /* DutyRoster.m */ = {isa = PBXFileReference; fileEncoding = 4; lastKnownFileType = sourcecode.c.objc; path = DutyRoster.m; sourceTree = "<group>"; };
		2E4B16B71952273F00641710 /* Tweet.h */ = {isa = PBXFileReference; fileEncoding = 4; lastKnownFileType = sourcecode.c.h; path = Tweet.h; sourceTree = "<group>"; };
		2E4B16B81952274000641710 /* Tweet.m */ = {isa = PBXFileReference; fileEncoding = 4; lastKnownFileType = sourcecode.c.objc; path = Tweet.m; sourceTree = "<group>"; };
		2E4B16BA19522F3B00641710 /* TweetTableViewCell.h */ = {isa = PBXFileReference; fileEncoding = 4; lastKnownFileType = sourcecode.c.h; path = TweetTableViewCell.h; sourceTree = "<group>"; };
		2E4B16BB19522F3B00641710 /* TweetTableViewCell.m */ = {isa = PBXFileReference; fileEncoding = 4; lastKnownFileType = sourcecode.c.objc; path = TweetTableViewCell.m; sourceTree = "<group>"; };
		2E4B16BC19522F3B00641710 /* TweetTableViewCell.xib */ = {isa = PBXFileReference; fileEncoding = 4; lastKnownFileType = file.xib; path = TweetTableViewCell.xib; sourceTree = "<group>"; };
		2E4F92AF194B65B300BC23F2 /* TFHpple.h */ = {isa = PBXFileReference; fileEncoding = 4; lastKnownFileType = sourcecode.c.h; path = TFHpple.h; sourceTree = "<group>"; };
		2E4F92B0194B65B300BC23F2 /* TFHpple.m */ = {isa = PBXFileReference; fileEncoding = 4; lastKnownFileType = sourcecode.c.objc; path = TFHpple.m; sourceTree = "<group>"; };
		2E4F92B1194B65B300BC23F2 /* TFHppleElement.h */ = {isa = PBXFileReference; fileEncoding = 4; lastKnownFileType = sourcecode.c.h; path = TFHppleElement.h; sourceTree = "<group>"; };
		2E4F92B2194B65B300BC23F2 /* TFHppleElement.m */ = {isa = PBXFileReference; fileEncoding = 4; lastKnownFileType = sourcecode.c.objc; path = TFHppleElement.m; sourceTree = "<group>"; };
		2E4F92B3194B65B300BC23F2 /* XPathQuery.h */ = {isa = PBXFileReference; fileEncoding = 4; lastKnownFileType = sourcecode.c.h; path = XPathQuery.h; sourceTree = "<group>"; };
		2E4F92B4194B65B300BC23F2 /* XPathQuery.m */ = {isa = PBXFileReference; fileEncoding = 4; lastKnownFileType = sourcecode.c.objc; path = XPathQuery.m; sourceTree = "<group>"; };
		2E52E3D41948AE0E00B46786 /* NorthwoodCoC.app */ = {isa = PBXFileReference; explicitFileType = wrapper.application; includeInIndex = 0; path = NorthwoodCoC.app; sourceTree = BUILT_PRODUCTS_DIR; };
		2E52E3D71948AE0E00B46786 /* Foundation.framework */ = {isa = PBXFileReference; lastKnownFileType = wrapper.framework; name = Foundation.framework; path = System/Library/Frameworks/Foundation.framework; sourceTree = SDKROOT; };
		2E52E3D91948AE0E00B46786 /* CoreGraphics.framework */ = {isa = PBXFileReference; lastKnownFileType = wrapper.framework; name = CoreGraphics.framework; path = System/Library/Frameworks/CoreGraphics.framework; sourceTree = SDKROOT; };
		2E52E3DB1948AE0E00B46786 /* UIKit.framework */ = {isa = PBXFileReference; lastKnownFileType = wrapper.framework; name = UIKit.framework; path = System/Library/Frameworks/UIKit.framework; sourceTree = SDKROOT; };
		2E52E3DF1948AE0E00B46786 /* NorthwoodCoC-Info.plist */ = {isa = PBXFileReference; lastKnownFileType = text.plist.xml; path = "NorthwoodCoC-Info.plist"; sourceTree = "<group>"; };
		2E52E3E11948AE0E00B46786 /* en */ = {isa = PBXFileReference; lastKnownFileType = text.plist.strings; name = en; path = en.lproj/InfoPlist.strings; sourceTree = "<group>"; };
		2E52E3E31948AE0E00B46786 /* main.m */ = {isa = PBXFileReference; lastKnownFileType = sourcecode.c.objc; path = main.m; sourceTree = "<group>"; };
		2E52E3E51948AE0E00B46786 /* NorthwoodCoC-Prefix.pch */ = {isa = PBXFileReference; lastKnownFileType = sourcecode.c.h; path = "NorthwoodCoC-Prefix.pch"; sourceTree = "<group>"; };
		2E52E3E61948AE0E00B46786 /* AppDelegate.h */ = {isa = PBXFileReference; lastKnownFileType = sourcecode.c.h; path = AppDelegate.h; sourceTree = "<group>"; };
		2E52E3E71948AE0E00B46786 /* AppDelegate.m */ = {isa = PBXFileReference; lastKnownFileType = sourcecode.c.objc; path = AppDelegate.m; sourceTree = "<group>"; };
		2E52E3E91948AE0E00B46786 /* Images.xcassets */ = {isa = PBXFileReference; lastKnownFileType = folder.assetcatalog; path = Images.xcassets; sourceTree = "<group>"; };
		2E52E3EF1948AE0F00B46786 /* NorthwoodCoCTests.xctest */ = {isa = PBXFileReference; explicitFileType = wrapper.cfbundle; includeInIndex = 0; path = NorthwoodCoCTests.xctest; sourceTree = BUILT_PRODUCTS_DIR; };
		2E52E3F81948AE0F00B46786 /* NorthwoodCoCTests-Info.plist */ = {isa = PBXFileReference; lastKnownFileType = text.plist.xml; path = "NorthwoodCoCTests-Info.plist"; sourceTree = "<group>"; };
		2E52E3FA1948AE0F00B46786 /* en */ = {isa = PBXFileReference; lastKnownFileType = text.plist.strings; name = en; path = en.lproj/InfoPlist.strings; sourceTree = "<group>"; };
		2E52E3FC1948AE0F00B46786 /* NorthwoodAppTests.m */ = {isa = PBXFileReference; lastKnownFileType = sourcecode.c.objc; path = NorthwoodAppTests.m; sourceTree = "<group>"; };
		2E52E4341948BD9800B46786 /* HomeViewController.h */ = {isa = PBXFileReference; fileEncoding = 4; lastKnownFileType = sourcecode.c.h; path = HomeViewController.h; sourceTree = "<group>"; };
		2E52E4351948BD9800B46786 /* HomeViewController.m */ = {isa = PBXFileReference; fileEncoding = 4; lastKnownFileType = sourcecode.c.objc; path = HomeViewController.m; sourceTree = "<group>"; };
		2E52E4361948BD9800B46786 /* HomeViewController.xib */ = {isa = PBXFileReference; fileEncoding = 4; lastKnownFileType = file.xib; path = HomeViewController.xib; sourceTree = "<group>"; };
		2E52E4481948E19A00B46786 /* SettingsViewController.h */ = {isa = PBXFileReference; fileEncoding = 4; lastKnownFileType = sourcecode.c.h; path = SettingsViewController.h; sourceTree = "<group>"; };
		2E52E4491948E19A00B46786 /* SettingsViewController.m */ = {isa = PBXFileReference; fileEncoding = 4; lastKnownFileType = sourcecode.c.objc; path = SettingsViewController.m; sourceTree = "<group>"; };
		2E52E44A1948E19A00B46786 /* SettingsViewController.xib */ = {isa = PBXFileReference; fileEncoding = 4; lastKnownFileType = file.xib; path = SettingsViewController.xib; sourceTree = "<group>"; };
		2E52E56A1959F7A800CC0BD4 /* AVFoundation.framework */ = {isa = PBXFileReference; lastKnownFileType = wrapper.framework; name = AVFoundation.framework; path = System/Library/Frameworks/AVFoundation.framework; sourceTree = SDKROOT; };
		2E52E56C1959F95100CC0BD4 /* BigTweetViewController.h */ = {isa = PBXFileReference; fileEncoding = 4; lastKnownFileType = sourcecode.c.h; path = BigTweetViewController.h; sourceTree = "<group>"; };
		2E52E56D1959F95100CC0BD4 /* BigTweetViewController.m */ = {isa = PBXFileReference; fileEncoding = 4; lastKnownFileType = sourcecode.c.objc; path = BigTweetViewController.m; sourceTree = "<group>"; };
		2E52E56E1959F95100CC0BD4 /* BigTweetViewController.xib */ = {isa = PBXFileReference; fileEncoding = 4; lastKnownFileType = file.xib; path = BigTweetViewController.xib; sourceTree = "<group>"; };
		2E5B18ED1962588300E96F61 /* MailRequestViewController.h */ = {isa = PBXFileReference; fileEncoding = 4; lastKnownFileType = sourcecode.c.h; path = MailRequestViewController.h; sourceTree = "<group>"; };
		2E5B18EE1962588300E96F61 /* MailRequestViewController.m */ = {isa = PBXFileReference; fileEncoding = 4; lastKnownFileType = sourcecode.c.objc; path = MailRequestViewController.m; sourceTree = "<group>"; };
		2E5B18EF1962588300E96F61 /* MailRequestViewController.xib */ = {isa = PBXFileReference; fileEncoding = 4; lastKnownFileType = file.xib; path = MailRequestViewController.xib; sourceTree = "<group>"; };
		2E5D4A7A19859FB6004FC91B /* 07bible.jpg */ = {isa = PBXFileReference; lastKnownFileType = image.jpeg; name = 07bible.jpg; path = images/07bible.jpg; sourceTree = SOURCE_ROOT; };
		2E5D4A7B19859FB6004FC91B /* bible.png */ = {isa = PBXFileReference; lastKnownFileType = image.png; name = bible.png; path = images/bible.png; sourceTree = SOURCE_ROOT; };
		2E5D4A7C19859FB6004FC91B /* businessman212.png */ = {isa = PBXFileReference; lastKnownFileType = image.png; name = businessman212.png; path = images/businessman212.png; sourceTree = SOURCE_ROOT; };
		2E5D4A7D19859FB6004FC91B /* crowd.png */ = {isa = PBXFileReference; lastKnownFileType = image.png; name = crowd.png; path = images/crowd.png; sourceTree = SOURCE_ROOT; };
		2E5D4A7E19859FB6004FC91B /* crowdBIG.png */ = {isa = PBXFileReference; lastKnownFileType = image.png; name = crowdBIG.png; path = images/crowdBIG.png; sourceTree = SOURCE_ROOT; };
		2E5D4A7F19859FB6004FC91B /* home65.png */ = {isa = PBXFileReference; lastKnownFileType = image.png; name = home65.png; path = images/home65.png; sourceTree = SOURCE_ROOT; };
		2E5D4A8119859FB6004FC91B /* multiple25.png */ = {isa = PBXFileReference; lastKnownFileType = image.png; name = multiple25.png; path = images/multiple25.png; sourceTree = SOURCE_ROOT; };
		2E5D4A8219859FB6004FC91B /* multiple25BIG.png */ = {isa = PBXFileReference; lastKnownFileType = image.png; name = multiple25BIG.png; path = images/multiple25BIG.png; sourceTree = SOURCE_ROOT; };
		2E5D4A8319859FB6004FC91B /* NorthwoodCoCIcon.png */ = {isa = PBXFileReference; lastKnownFileType = image.png; name = NorthwoodCoCIcon.png; path = images/NorthwoodCoCIcon.png; sourceTree = SOURCE_ROOT; };
		2E5D4A8419859FB6004FC91B /* icon_58.png */ = {isa = PBXFileReference; lastKnownFileType = image.png; name = icon_58.png; path = images/icon_58.png; sourceTree = SOURCE_ROOT; };
		2E5D4A8519859FB6004FC91B /* icon_80.png */ = {isa = PBXFileReference; lastKnownFileType = image.png; name = icon_80.png; path = images/icon_80.png; sourceTree = SOURCE_ROOT; };
		2E5D4A8619859FB6004FC91B /* icon_120.png */ = {isa = PBXFileReference; lastKnownFileType = image.png; name = icon_120.png; path = images/icon_120.png; sourceTree = SOURCE_ROOT; };
		2E5D4A8819859FB6004FC91B /* Northwood_splash35.png */ = {isa = PBXFileReference; lastKnownFileType = image.png; name = Northwood_splash35.png; path = images/Northwood_splash35.png; sourceTree = SOURCE_ROOT; };
		2E5D4A8919859FB6004FC91B /* Northwood_splash4.png */ = {isa = PBXFileReference; lastKnownFileType = image.png; name = Northwood_splash4.png; path = images/Northwood_splash4.png; sourceTree = SOURCE_ROOT; };
		2E5D4A8A19859FB6004FC91B /* philippians-series.jpg */ = {isa = PBXFileReference; lastKnownFileType = image.jpeg; name = "philippians-series.jpg"; path = "images/philippians-series.jpg"; sourceTree = SOURCE_ROOT; };
		2E5D4A8B19859FB6004FC91B /* phillipians.png */ = {isa = PBXFileReference; lastKnownFileType = image.png; name = phillipians.png; path = images/phillipians.png; sourceTree = SOURCE_ROOT; };
		2E5D4A8C19859FB6004FC91B /* phone329.png */ = {isa = PBXFileReference; lastKnownFileType = image.png; name = phone329.png; path = images/phone329.png; sourceTree = SOURCE_ROOT; };
		2E5D4A8D19859FB6004FC91B /* phone329BIG.png */ = {isa = PBXFileReference; lastKnownFileType = image.png; name = phone329BIG.png; path = images/phone329BIG.png; sourceTree = SOURCE_ROOT; };
		2E5D4A8E19859FB6004FC91B /* read2.png */ = {isa = PBXFileReference; lastKnownFileType = image.png; name = read2.png; path = images/read2.png; sourceTree = SOURCE_ROOT; };
		2E5D4A8F19859FB6004FC91B /* read2BIG.png */ = {isa = PBXFileReference; lastKnownFileType = image.png; name = read2BIG.png; path = images/read2BIG.png; sourceTree = SOURCE_ROOT; };
		2E5D4A9019859FB6004FC91B /* Twitter_filled.png */ = {isa = PBXFileReference; lastKnownFileType = image.png; name = Twitter_filled.png; path = images/Twitter_filled.png; sourceTree = SOURCE_ROOT; };
		2E5D4A9119859FB6004FC91B /* Twitter_filled@2x.png */ = {isa = PBXFileReference; lastKnownFileType = image.png; name = "Twitter_filled@2x.png"; path = "images/Twitter_filled@2x.png"; sourceTree = SOURCE_ROOT; };
		2E5D4A9219859FB6004FC91B /* Twitter.png */ = {isa = PBXFileReference; lastKnownFileType = image.png; name = Twitter.png; path = images/Twitter.png; sourceTree = SOURCE_ROOT; };
		2E5D4A9319859FB6004FC91B /* Twitter2x.png */ = {isa = PBXFileReference; lastKnownFileType = image.png; name = Twitter2x.png; path = images/Twitter2x.png; sourceTree = SOURCE_ROOT; };
		2E5D4AAE1985A1D4004FC91B /* home65BIG.png */ = {isa = PBXFileReference; lastKnownFileType = image.png; name = home65BIG.png; path = images/home65BIG.png; sourceTree = SOURCE_ROOT; };
		2E5D4AB01985A21E004FC91B /* crowd@2x.png */ = {isa = PBXFileReference; lastKnownFileType = image.png; name = "crowd@2x.png"; path = "images/crowd@2x.png"; sourceTree = SOURCE_ROOT; };
		2E5D4AB11985A21E004FC91B /* home65@2x.png */ = {isa = PBXFileReference; lastKnownFileType = image.png; name = "home65@2x.png"; path = "images/home65@2x.png"; sourceTree = SOURCE_ROOT; };
		2E5D4AB21985A21E004FC91B /* multiple25@2x.png */ = {isa = PBXFileReference; lastKnownFileType = image.png; name = "multiple25@2x.png"; path = "images/multiple25@2x.png"; sourceTree = SOURCE_ROOT; };
		2E5D4AB31985A21E004FC91B /* phone329@2x.png */ = {isa = PBXFileReference; lastKnownFileType = image.png; name = "phone329@2x.png"; path = "images/phone329@2x.png"; sourceTree = SOURCE_ROOT; };
		2E5D4AB41985A21E004FC91B /* read2@2x.png */ = {isa = PBXFileReference; lastKnownFileType = image.png; name = "read2@2x.png"; path = "images/read2@2x.png"; sourceTree = SOURCE_ROOT; };
		2E632D6919758DA9006EA4C4 /* NetworkStatus.h */ = {isa = PBXFileReference; fileEncoding = 4; lastKnownFileType = sourcecode.c.h; path = NetworkStatus.h; sourceTree = "<group>"; };
		2E632D6A19758DA9006EA4C4 /* NetworkStatus.m */ = {isa = PBXFileReference; fileEncoding = 4; lastKnownFileType = sourcecode.c.objc; path = NetworkStatus.m; sourceTree = "<group>"; };
		2E69A339194E3B1A00890226 /* Sermon.h */ = {isa = PBXFileReference; fileEncoding = 4; lastKnownFileType = sourcecode.c.h; path = Sermon.h; sourceTree = "<group>"; };
		2E69A33A194E3B1A00890226 /* Sermon.m */ = {isa = PBXFileReference; fileEncoding = 4; lastKnownFileType = sourcecode.c.objc; path = Sermon.m; sourceTree = "<group>"; };
		2E69A33D194E3D0C00890226 /* HomeNavigationViewController.h */ = {isa = PBXFileReference; fileEncoding = 4; lastKnownFileType = sourcecode.c.h; path = HomeNavigationViewController.h; sourceTree = "<group>"; };
		2E69A33E194E3D0C00890226 /* HomeNavigationViewController.m */ = {isa = PBXFileReference; fileEncoding = 4; lastKnownFileType = sourcecode.c.objc; path = HomeNavigationViewController.m; sourceTree = "<group>"; };
		2E69A33F194E3D0C00890226 /* NewsNavigationViewController.h */ = {isa = PBXFileReference; fileEncoding = 4; lastKnownFileType = sourcecode.c.h; path = NewsNavigationViewController.h; sourceTree = "<group>"; };
		2E69A340194E3D0C00890226 /* NewsNavigationViewController.m */ = {isa = PBXFileReference; fileEncoding = 4; lastKnownFileType = sourcecode.c.objc; path = NewsNavigationViewController.m; sourceTree = "<group>"; };
		2E69A341194E3D0C00890226 /* SermonsNavigationViewController.h */ = {isa = PBXFileReference; fileEncoding = 4; lastKnownFileType = sourcecode.c.h; path = SermonsNavigationViewController.h; sourceTree = "<group>"; };
		2E69A342194E3D0C00890226 /* SermonsNavigationViewController.m */ = {isa = PBXFileReference; fileEncoding = 4; lastKnownFileType = sourcecode.c.objc; path = SermonsNavigationViewController.m; sourceTree = "<group>"; };
		2E6CD0B719568BA3007B7BF8 /* ContactUs.h */ = {isa = PBXFileReference; fileEncoding = 4; lastKnownFileType = sourcecode.c.h; path = ContactUs.h; sourceTree = "<group>"; };
		2E6CD0B819568BA3007B7BF8 /* ContactUs.m */ = {isa = PBXFileReference; fileEncoding = 4; lastKnownFileType = sourcecode.c.objc; path = ContactUs.m; sourceTree = "<group>"; };
		2E6CD0BB19568BD4007B7BF8 /* ContactUsTableViewCell.h */ = {isa = PBXFileReference; fileEncoding = 4; lastKnownFileType = sourcecode.c.h; path = ContactUsTableViewCell.h; sourceTree = "<group>"; };
		2E6CD0BC19568BD4007B7BF8 /* ContactUsTableViewCell.m */ = {isa = PBXFileReference; fileEncoding = 4; lastKnownFileType = sourcecode.c.objc; path = ContactUsTableViewCell.m; sourceTree = "<group>"; };
		2E6CD0BD19568BD4007B7BF8 /* ContactUsTableViewCell.xib */ = {isa = PBXFileReference; fileEncoding = 4; lastKnownFileType = file.xib; path = ContactUsTableViewCell.xib; sourceTree = "<group>"; };
		2E7021C8197ECC260037CBE5 /* TabBarController.h */ = {isa = PBXFileReference; fileEncoding = 4; lastKnownFileType = sourcecode.c.h; name = TabBarController.h; path = NorthwoodApp/TabBarController.h; sourceTree = SOURCE_ROOT; };
		2E7021C9197ECC260037CBE5 /* TabBarController.m */ = {isa = PBXFileReference; fileEncoding = 4; lastKnownFileType = sourcecode.c.objc; name = TabBarController.m; path = NorthwoodApp/TabBarController.m; sourceTree = SOURCE_ROOT; };
		2E722F101978B00A006EB580 /* ASIHTTPRequest.h */ = {isa = PBXFileReference; fileEncoding = 4; lastKnownFileType = sourcecode.c.h; path = ASIHTTPRequest.h; sourceTree = "<group>"; };
		2E722F111978B00A006EB580 /* ASIHTTPRequest.m */ = {isa = PBXFileReference; fileEncoding = 4; lastKnownFileType = sourcecode.c.objc; path = ASIHTTPRequest.m; sourceTree = "<group>"; };
		2E722F121978B00A006EB580 /* ASIHTTPRequestConfig.h */ = {isa = PBXFileReference; fileEncoding = 4; lastKnownFileType = sourcecode.c.h; path = ASIHTTPRequestConfig.h; sourceTree = "<group>"; };
		2E722F131978B00A006EB580 /* ASIHTTPRequestDelegate.h */ = {isa = PBXFileReference; fileEncoding = 4; lastKnownFileType = sourcecode.c.h; path = ASIHTTPRequestDelegate.h; sourceTree = "<group>"; };
		2E722F1B1978B47C006EB580 /* ASIProgressDelegate.h */ = {isa = PBXFileReference; fileEncoding = 4; lastKnownFileType = sourcecode.c.h; path = ASIProgressDelegate.h; sourceTree = "<group>"; };
		2E722F1C1978B4A1006EB580 /* ASIDownloadCache.h */ = {isa = PBXFileReference; fileEncoding = 4; lastKnownFileType = sourcecode.c.h; path = ASIDownloadCache.h; sourceTree = "<group>"; };
		2E722F1D1978B4A1006EB580 /* ASIDownloadCache.m */ = {isa = PBXFileReference; fileEncoding = 4; lastKnownFileType = sourcecode.c.objc; path = ASIDownloadCache.m; sourceTree = "<group>"; };
		2E722F201978B4D1006EB580 /* ASICacheDelegate.h */ = {isa = PBXFileReference; fileEncoding = 4; lastKnownFileType = sourcecode.c.h; path = ASICacheDelegate.h; sourceTree = "<group>"; };
		2E722F211978B6DF006EB580 /* ASIAuthenticationDialog.h */ = {isa = PBXFileReference; fileEncoding = 4; lastKnownFileType = sourcecode.c.h; path = ASIAuthenticationDialog.h; sourceTree = "<group>"; };
		2E722F221978B6DF006EB580 /* ASIAuthenticationDialog.m */ = {isa = PBXFileReference; fileEncoding = 4; lastKnownFileType = sourcecode.c.objc; path = ASIAuthenticationDialog.m; sourceTree = "<group>"; };
		2E722F241978B732006EB580 /* ASIInputStream.h */ = {isa = PBXFileReference; fileEncoding = 4; lastKnownFileType = sourcecode.c.h; path = ASIInputStream.h; sourceTree = "<group>"; };
		2E722F251978B732006EB580 /* ASIInputStream.m */ = {isa = PBXFileReference; fileEncoding = 4; lastKnownFileType = sourcecode.c.objc; path = ASIInputStream.m; sourceTree = "<group>"; };
		2E722F271978B78E006EB580 /* ASIDataCompressor.h */ = {isa = PBXFileReference; fileEncoding = 4; lastKnownFileType = sourcecode.c.h; path = ASIDataCompressor.h; sourceTree = "<group>"; };
		2E722F281978B78E006EB580 /* ASIDataCompressor.m */ = {isa = PBXFileReference; fileEncoding = 4; lastKnownFileType = sourcecode.c.objc; path = ASIDataCompressor.m; sourceTree = "<group>"; };
		2E722F291978B78E006EB580 /* ASIDataDecompressor.h */ = {isa = PBXFileReference; fileEncoding = 4; lastKnownFileType = sourcecode.c.h; path = ASIDataDecompressor.h; sourceTree = "<group>"; };
		2E722F2A1978B78E006EB580 /* ASIDataDecompressor.m */ = {isa = PBXFileReference; fileEncoding = 4; lastKnownFileType = sourcecode.c.objc; path = ASIDataDecompressor.m; sourceTree = "<group>"; };
		2E722F2D1978B8EA006EB580 /* CFNetwork.framework */ = {isa = PBXFileReference; lastKnownFileType = wrapper.framework; name = CFNetwork.framework; path = System/Library/Frameworks/CFNetwork.framework; sourceTree = SDKROOT; };
		2E722F2F1978B9F9006EB580 /* ASINetworkQueue.h */ = {isa = PBXFileReference; fileEncoding = 4; lastKnownFileType = sourcecode.c.h; path = ASINetworkQueue.h; sourceTree = "<group>"; };
		2E722F301978B9F9006EB580 /* ASINetworkQueue.m */ = {isa = PBXFileReference; fileEncoding = 4; lastKnownFileType = sourcecode.c.objc; path = ASINetworkQueue.m; sourceTree = "<group>"; };
		2E722F351978BB3A006EB580 /* SystemConfiguration.framework */ = {isa = PBXFileReference; lastKnownFileType = wrapper.framework; name = SystemConfiguration.framework; path = System/Library/Frameworks/SystemConfiguration.framework; sourceTree = SDKROOT; };
		2E722F371978BB49006EB580 /* MobileCoreServices.framework */ = {isa = PBXFileReference; lastKnownFileType = wrapper.framework; name = MobileCoreServices.framework; path = System/Library/Frameworks/MobileCoreServices.framework; sourceTree = SDKROOT; };
		2E722F391978BB6B006EB580 /* libz.dylib */ = {isa = PBXFileReference; lastKnownFileType = "compiled.mach-o.dylib"; name = libz.dylib; path = usr/lib/libz.dylib; sourceTree = SDKROOT; };
		2E722F3B1978BB82006EB580 /* libz.1.1.3.dylib */ = {isa = PBXFileReference; lastKnownFileType = "compiled.mach-o.dylib"; name = libz.1.1.3.dylib; path = usr/lib/libz.1.1.3.dylib; sourceTree = SDKROOT; };
		2E722F3F1978BDDB006EB580 /* libxml2.2.dylib */ = {isa = PBXFileReference; lastKnownFileType = "compiled.mach-o.dylib"; name = libxml2.2.dylib; path = usr/lib/libxml2.2.dylib; sourceTree = SDKROOT; };
		2E722F4B1978C41E006EB580 /* libipconfig.dylib */ = {isa = PBXFileReference; lastKnownFileType = "compiled.mach-o.dylib"; name = libipconfig.dylib; path = usr/lib/libipconfig.dylib; sourceTree = SDKROOT; };
		2E722F4E1978C6FA006EB580 /* Reachability.h */ = {isa = PBXFileReference; fileEncoding = 4; lastKnownFileType = sourcecode.c.h; name = Reachability.h; path = "../../../Desktop/xcode projects/pokeb-asi-http-request-9051a33/External/Reachability/Reachability.h"; sourceTree = "<group>"; };
		2E722F4F1978C6FA006EB580 /* Reachability.m */ = {isa = PBXFileReference; fileEncoding = 4; lastKnownFileType = sourcecode.c.objc; name = Reachability.m; path = "../../../Desktop/xcode projects/pokeb-asi-http-request-9051a33/External/Reachability/Reachability.m"; sourceTree = "<group>"; };
		2E722F511978E3A4006EB580 /* FileDownloader.h */ = {isa = PBXFileReference; fileEncoding = 4; lastKnownFileType = sourcecode.c.h; path = FileDownloader.h; sourceTree = "<group>"; };
		2E722F521978E3A4006EB580 /* FileDownloader.m */ = {isa = PBXFileReference; fileEncoding = 4; lastKnownFileType = sourcecode.c.objc; path = FileDownloader.m; sourceTree = "<group>"; };
		2E789E0A195127040061423E /* PrayerListTableViewCell.h */ = {isa = PBXFileReference; fileEncoding = 4; lastKnownFileType = sourcecode.c.h; path = PrayerListTableViewCell.h; sourceTree = "<group>"; };
		2E789E0B195127040061423E /* PrayerListTableViewCell.m */ = {isa = PBXFileReference; fileEncoding = 4; lastKnownFileType = sourcecode.c.objc; path = PrayerListTableViewCell.m; sourceTree = "<group>"; };
		2E789E0C195127040061423E /* PrayerListTableViewCell.xib */ = {isa = PBXFileReference; fileEncoding = 4; lastKnownFileType = file.xib; path = PrayerListTableViewCell.xib; sourceTree = "<group>"; };
		2E789E10195130B70061423E /* PrayerList.h */ = {isa = PBXFileReference; fileEncoding = 4; lastKnownFileType = sourcecode.c.h; path = PrayerList.h; sourceTree = "<group>"; };
		2E789E11195130B70061423E /* PrayerList.m */ = {isa = PBXFileReference; fileEncoding = 4; lastKnownFileType = sourcecode.c.objc; path = PrayerList.m; sourceTree = "<group>"; };
		2E7F0DDF19FADCDF001595E0 /* cogwheel22.png */ = {isa = PBXFileReference; lastKnownFileType = image.png; name = cogwheel22.png; path = images/cogwheel22.png; sourceTree = SOURCE_ROOT; };
		2E7F0DE019FADCDF001595E0 /* cogwheel22@2x.png */ = {isa = PBXFileReference; lastKnownFileType = image.png; name = "cogwheel22@2x.png"; path = "images/cogwheel22@2x.png"; sourceTree = SOURCE_ROOT; };
		2E8536CD19540D1900C8864E /* LogginginViewController.h */ = {isa = PBXFileReference; fileEncoding = 4; lastKnownFileType = sourcecode.c.h; path = LogginginViewController.h; sourceTree = "<group>"; };
		2E8536CE19540D1900C8864E /* LogginginViewController.m */ = {isa = PBXFileReference; fileEncoding = 4; lastKnownFileType = sourcecode.c.objc; path = LogginginViewController.m; sourceTree = "<group>"; };
		2E8536CF19540D1900C8864E /* LogginginViewController.xib */ = {isa = PBXFileReference; fileEncoding = 4; lastKnownFileType = file.xib; path = LogginginViewController.xib; sourceTree = "<group>"; };
		2E8B4A821A2F504C00B43E9A /* SermonYear.h */ = {isa = PBXFileReference; fileEncoding = 4; lastKnownFileType = sourcecode.c.h; path = SermonYear.h; sourceTree = "<group>"; };
		2E8B4A831A2F504C00B43E9A /* SermonYear.m */ = {isa = PBXFileReference; fileEncoding = 4; lastKnownFileType = sourcecode.c.objc; path = SermonYear.m; sourceTree = "<group>"; };
		2E945BC519F69B3800A135FA /* SettingsNavigationViewController.h */ = {isa = PBXFileReference; fileEncoding = 4; lastKnownFileType = sourcecode.c.h; path = SettingsNavigationViewController.h; sourceTree = "<group>"; };
		2E945BC619F69B3800A135FA /* SettingsNavigationViewController.m */ = {isa = PBXFileReference; fileEncoding = 4; lastKnownFileType = sourcecode.c.objc; path = SettingsNavigationViewController.m; sourceTree = "<group>"; };
		2E9B626E19F4700A00AD351B /* SlidingMenuController.h */ = {isa = PBXFileReference; fileEncoding = 4; lastKnownFileType = sourcecode.c.h; path = SlidingMenuController.h; sourceTree = "<group>"; };
		2E9B626F19F4700A00AD351B /* SlidingMenuController.m */ = {isa = PBXFileReference; fileEncoding = 4; lastKnownFileType = sourcecode.c.objc; path = SlidingMenuController.m; sourceTree = "<group>"; };
		2E9B627019F4700A00AD351B /* SlidingMenuController.xib */ = {isa = PBXFileReference; fileEncoding = 4; lastKnownFileType = file.xib; path = SlidingMenuController.xib; sourceTree = "<group>"; };
		2E9CD70619560E3900822E1D /* SermonDateTableViewCell.h */ = {isa = PBXFileReference; fileEncoding = 4; lastKnownFileType = sourcecode.c.h; path = SermonDateTableViewCell.h; sourceTree = "<group>"; };
		2E9CD70719560E3900822E1D /* SermonDateTableViewCell.m */ = {isa = PBXFileReference; fileEncoding = 4; lastKnownFileType = sourcecode.c.objc; path = SermonDateTableViewCell.m; sourceTree = "<group>"; };
		2E9CD70819560E3900822E1D /* SermonDateTableViewCell.xib */ = {isa = PBXFileReference; fileEncoding = 4; lastKnownFileType = file.xib; path = SermonDateTableViewCell.xib; sourceTree = "<group>"; };
		2E9CD7141956213700822E1D /* DirectoryTableViewCell.h */ = {isa = PBXFileReference; fileEncoding = 4; lastKnownFileType = sourcecode.c.h; path = DirectoryTableViewCell.h; sourceTree = "<group>"; };
		2E9CD7151956213700822E1D /* DirectoryTableViewCell.m */ = {isa = PBXFileReference; fileEncoding = 4; lastKnownFileType = sourcecode.c.objc; path = DirectoryTableViewCell.m; sourceTree = "<group>"; };
		2E9CD7161956213700822E1D /* DirectoryTableViewCell.xib */ = {isa = PBXFileReference; fileEncoding = 4; lastKnownFileType = file.xib; path = DirectoryTableViewCell.xib; sourceTree = "<group>"; };
		2E9CD71D19562B1B00822E1D /* ContactUsViewController.h */ = {isa = PBXFileReference; fileEncoding = 4; lastKnownFileType = sourcecode.c.h; path = ContactUsViewController.h; sourceTree = "<group>"; };
		2E9CD71E19562B1B00822E1D /* ContactUsViewController.m */ = {isa = PBXFileReference; fileEncoding = 4; lastKnownFileType = sourcecode.c.objc; path = ContactUsViewController.m; sourceTree = "<group>"; };
		2E9CD71F19562B1B00822E1D /* ContactUsViewController.xib */ = {isa = PBXFileReference; fileEncoding = 4; lastKnownFileType = file.xib; path = ContactUsViewController.xib; sourceTree = "<group>"; };
		2E9CD72319562C0C00822E1D /* ContactUsNavigationViewController.h */ = {isa = PBXFileReference; fileEncoding = 4; lastKnownFileType = sourcecode.c.h; path = ContactUsNavigationViewController.h; sourceTree = "<group>"; };
		2E9CD72419562C0C00822E1D /* ContactUsNavigationViewController.m */ = {isa = PBXFileReference; fileEncoding = 4; lastKnownFileType = sourcecode.c.objc; path = ContactUsNavigationViewController.m; sourceTree = "<group>"; };
		2E9CD7261956437400822E1D /* Directory.h */ = {isa = PBXFileReference; fileEncoding = 4; lastKnownFileType = sourcecode.c.h; path = Directory.h; sourceTree = "<group>"; };
		2E9CD7271956437400822E1D /* Directory.m */ = {isa = PBXFileReference; fileEncoding = 4; lastKnownFileType = sourcecode.c.objc; path = Directory.m; sourceTree = "<group>"; };
		2E9EFB5C196B4F4C003E7468 /* Default-568h@2x.png */ = {isa = PBXFileReference; lastKnownFileType = image.png; path = "Default-568h@2x.png"; sourceTree = "<group>"; };
		2EA0F8EE1A3E431700A7AE20 /* PDFCleaner.h */ = {isa = PBXFileReference; fileEncoding = 4; lastKnownFileType = sourcecode.c.h; path = PDFCleaner.h; sourceTree = "<group>"; };
		2EA0F8EF1A3E431700A7AE20 /* PDFCleaner.m */ = {isa = PBXFileReference; fileEncoding = 4; lastKnownFileType = sourcecode.c.objc; path = PDFCleaner.m; sourceTree = "<group>"; };
		2EA33E451955FA4D004E222D /* NorthwoodCoC.entitlements */ = {isa = PBXFileReference; lastKnownFileType = text.xml; path = NorthwoodCoC.entitlements; sourceTree = "<group>"; };
		2EA4F34F19A4E07C001E1261 /* list26.png */ = {isa = PBXFileReference; lastKnownFileType = image.png; name = list26.png; path = images/list26.png; sourceTree = SOURCE_ROOT; };
		2EA4F35019A4E07C001E1261 /* list26@2x.png */ = {isa = PBXFileReference; lastKnownFileType = image.png; name = "list26@2x.png"; path = "images/list26@2x.png"; sourceTree = SOURCE_ROOT; };
		2EABE9111A243A8100C20922 /* AudioPlayerTableViewCell.h */ = {isa = PBXFileReference; fileEncoding = 4; lastKnownFileType = sourcecode.c.h; path = AudioPlayerTableViewCell.h; sourceTree = "<group>"; };
		2EABE9121A243A8100C20922 /* AudioPlayerTableViewCell.m */ = {isa = PBXFileReference; fileEncoding = 4; lastKnownFileType = sourcecode.c.objc; path = AudioPlayerTableViewCell.m; sourceTree = "<group>"; };
		2EABE9131A243A8100C20922 /* AudioPlayerTableViewCell.xib */ = {isa = PBXFileReference; fileEncoding = 4; lastKnownFileType = file.xib; path = AudioPlayerTableViewCell.xib; sourceTree = "<group>"; };
		2EBC92671951F8A600758A1E /* BulletinTableViewCell.h */ = {isa = PBXFileReference; fileEncoding = 4; lastKnownFileType = sourcecode.c.h; path = BulletinTableViewCell.h; sourceTree = "<group>"; };
		2EBC92681951F8A600758A1E /* BulletinTableViewCell.m */ = {isa = PBXFileReference; fileEncoding = 4; lastKnownFileType = sourcecode.c.objc; path = BulletinTableViewCell.m; sourceTree = "<group>"; };
		2EBC92691951F8A600758A1E /* BulletinTableViewCell.xib */ = {isa = PBXFileReference; fileEncoding = 4; lastKnownFileType = file.xib; path = BulletinTableViewCell.xib; sourceTree = "<group>"; };
/* End PBXFileReference section */

/* Begin PBXFrameworksBuildPhase section */
		2E52E3D11948AE0E00B46786 /* Frameworks */ = {
			isa = PBXFrameworksBuildPhase;
			buildActionMask = 2147483647;
			files = (
				2E722F4D1978C436006EB580 /* libz.1.1.3.dylib in Frameworks */,
				2E722F401978BDDB006EB580 /* libxml2.2.dylib in Frameworks */,
				2E52E3DA1948AE0E00B46786 /* CoreGraphics.framework in Frameworks */,
				2E722F381978BB49006EB580 /* MobileCoreServices.framework in Frameworks */,
				2E722F361978BB3A006EB580 /* SystemConfiguration.framework in Frameworks */,
				2E722F2E1978B8EA006EB580 /* CFNetwork.framework in Frameworks */,
				2E52E56B1959F7A800CC0BD4 /* AVFoundation.framework in Frameworks */,
				2E3472331953B7B700AC769B /* Social.framework in Frameworks */,
				2E52E3DC1948AE0E00B46786 /* UIKit.framework in Frameworks */,
				2E52E3D81948AE0E00B46786 /* Foundation.framework in Frameworks */,
			);
			runOnlyForDeploymentPostprocessing = 0;
		};
		2E52E3EC1948AE0F00B46786 /* Frameworks */ = {
			isa = PBXFrameworksBuildPhase;
			buildActionMask = 2147483647;
			files = (
				2E52E3F31948AE0F00B46786 /* UIKit.framework in Frameworks */,
				2E52E3F21948AE0F00B46786 /* Foundation.framework in Frameworks */,
			);
			runOnlyForDeploymentPostprocessing = 0;
		};
/* End PBXFrameworksBuildPhase section */

/* Begin PBXGroup section */
		2E1D6E63194F793D00819888 /* Home */ = {
			isa = PBXGroup;
			children = (
				2E632A8E196C811000B18C66 /* Home View */,
				2E4BC850195A7832009D30FA /* Tweet Sub View */,
			);
			name = Home;
			sourceTree = "<group>";
		};
		2E1D6E64194F794800819888 /* Sermons */ = {
			isa = PBXGroup;
			children = (
				2E4B16A619520D2200641710 /* Sermon Date View */,
				2E1D6E85194F7A0D00819888 /* Sermons Subview */,
			);
			name = Sermons;
			sourceTree = "<group>";
		};
		2E1D6E65194F795400819888 /* Members */ = {
			isa = PBXGroup;
			children = (
				2E8536D219540D1C00C8864E /* login view */,
				2E789DF6195110870061423E /* loggedin view */,
			);
			name = Members;
			sourceTree = "<group>";
		};
		2E1D6E66194F795D00819888 /* Settings */ = {
			isa = PBXGroup;
			children = (
				2E52E4481948E19A00B46786 /* SettingsViewController.h */,
				2E52E4491948E19A00B46786 /* SettingsViewController.m */,
				2E52E44A1948E19A00B46786 /* SettingsViewController.xib */,
			);
			name = Settings;
			sourceTree = "<group>";
		};
		2E1D6E85194F7A0D00819888 /* Sermons Subview */ = {
			isa = PBXGroup;
			children = (
				2E1D6E6C194F79A400819888 /* Sermons2010ViewController.h */,
				2E1D6E6D194F79A400819888 /* Sermons2010ViewController.m */,
				2E1D6E6E194F79A400819888 /* Sermons2010ViewController.xib */,
			);
			name = "Sermons Subview";
			sourceTree = "<group>";
		};
		2E3F6B2C1957DE6E00EE95B1 /* Universal Web View */ = {
			isa = PBXGroup;
			children = (
				2E3F6B271957DE6500EE95B1 /* UniversalWebViewViewController.h */,
				2E3F6B281957DE6500EE95B1 /* UniversalWebViewViewController.m */,
				2E3F6B291957DE6500EE95B1 /* UniversalWebViewViewController.xib */,
			);
			name = "Universal Web View";
			sourceTree = "<group>";
		};
		2E41833C1950A78C006D52EC /* Cell Views */ = {
			isa = PBXGroup;
			children = (
				2E4B16B6195225A900641710 /* Tweet Cell */,
				2E9CD70B19560E3F00822E1D /* Sermon Date Cell */,
				2E789DFD19511CF60061423E /* Sermon Cell */,
				2EBC926C1951F92700758A1E /* Bulletin Cell */,
				2E789E0F1951270A0061423E /* Prayer List Cell */,
				2E4B16AC19521D3A00641710 /* Duty Roster Cell */,
				2E9CD7191956213B00822E1D /* Directory Cell */,
				2E6CD0C019568BDA007B7BF8 /* Contact Us Cell */,
				2EABE9161A243A8600C20922 /* Audio Player Cell */,
			);
			name = "Cell Views";
			sourceTree = "<group>";
		};
		2E4B16A11952094100641710 /* Models */ = {
			isa = PBXGroup;
			children = (
				2E4B16A31952099400641710 /* Tweet */,
				2E8B4A851A2F505800B43E9A /* Sermon Year */,
				2E4B16A21952098C00641710 /* Sermon */,
				2E4B16A41952099C00641710 /* Bulletin */,
				2E4B16A5195209A300641710 /* Prayer List */,
				2E4B16B019521D5700641710 /* Duty Roster */,
				2E9CD713195620DB00822E1D /* Directory */,
				2E6CD0BA19568BA7007B7BF8 /* Contact Us */,
			);
			name = Models;
			sourceTree = "<group>";
		};
		2E4B16A21952098C00641710 /* Sermon */ = {
			isa = PBXGroup;
			children = (
				2E69A339194E3B1A00890226 /* Sermon.h */,
				2E69A33A194E3B1A00890226 /* Sermon.m */,
			);
			name = Sermon;
			sourceTree = "<group>";
		};
		2E4B16A31952099400641710 /* Tweet */ = {
			isa = PBXGroup;
			children = (
				2E4B16B71952273F00641710 /* Tweet.h */,
				2E4B16B81952274000641710 /* Tweet.m */,
			);
			name = Tweet;
			sourceTree = "<group>";
		};
		2E4B16A41952099C00641710 /* Bulletin */ = {
			isa = PBXGroup;
			children = (
				2E1D6E5F194F695600819888 /* Bulletin.h */,
				2E1D6E60194F695600819888 /* Bulletin.m */,
			);
			name = Bulletin;
			sourceTree = "<group>";
		};
		2E4B16A5195209A300641710 /* Prayer List */ = {
			isa = PBXGroup;
			children = (
				2E789E10195130B70061423E /* PrayerList.h */,
				2E789E11195130B70061423E /* PrayerList.m */,
			);
			name = "Prayer List";
			sourceTree = "<group>";
		};
		2E4B16A619520D2200641710 /* Sermon Date View */ = {
			isa = PBXGroup;
			children = (
				2E205E98194B8DD90092C8BF /* SermonsViewController.h */,
				2E205E99194B8DD90092C8BF /* SermonsViewController.m */,
				2E205E9A194B8DD90092C8BF /* SermonsViewController.xib */,
			);
			name = "Sermon Date View";
			sourceTree = "<group>";
		};
		2E4B16AC19521D3A00641710 /* Duty Roster Cell */ = {
			isa = PBXGroup;
			children = (
				2E4B16A719521D3500641710 /* DutyRosterTableViewCell.h */,
				2E4B16A819521D3500641710 /* DutyRosterTableViewCell.m */,
				2E4B16A919521D3500641710 /* DutyRosterTableViewCell.xib */,
			);
			name = "Duty Roster Cell";
			sourceTree = "<group>";
		};
		2E4B16B019521D5700641710 /* Duty Roster */ = {
			isa = PBXGroup;
			children = (
				2E4B16AD19521D5100641710 /* DutyRoster.h */,
				2E4B16AE19521D5100641710 /* DutyRoster.m */,
			);
			name = "Duty Roster";
			sourceTree = "<group>";
		};
		2E4B16B6195225A900641710 /* Tweet Cell */ = {
			isa = PBXGroup;
			children = (
				2E4B16BA19522F3B00641710 /* TweetTableViewCell.h */,
				2E4B16BB19522F3B00641710 /* TweetTableViewCell.m */,
				2E4B16BC19522F3B00641710 /* TweetTableViewCell.xib */,
			);
			name = "Tweet Cell";
			sourceTree = "<group>";
		};
		2E4BC850195A7832009D30FA /* Tweet Sub View */ = {
			isa = PBXGroup;
			children = (
				2E52E56C1959F95100CC0BD4 /* BigTweetViewController.h */,
				2E52E56D1959F95100CC0BD4 /* BigTweetViewController.m */,
				2E52E56E1959F95100CC0BD4 /* BigTweetViewController.xib */,
			);
			name = "Tweet Sub View";
			sourceTree = "<group>";
		};
		2E4F92AE194B65B300BC23F2 /* TFHpple */ = {
			isa = PBXGroup;
			children = (
				2E4F92AF194B65B300BC23F2 /* TFHpple.h */,
				2E4F92B0194B65B300BC23F2 /* TFHpple.m */,
				2E4F92B1194B65B300BC23F2 /* TFHppleElement.h */,
				2E4F92B2194B65B300BC23F2 /* TFHppleElement.m */,
				2E4F92B3194B65B300BC23F2 /* XPathQuery.h */,
				2E4F92B4194B65B300BC23F2 /* XPathQuery.m */,
			);
			name = TFHpple;
			path = "HTML Parsing";
			sourceTree = "<group>";
		};
		2E52E3CB1948AE0E00B46786 = {
			isa = PBXGroup;
			children = (
				2E9EFB5C196B4F4C003E7468 /* Default-568h@2x.png */,
				2EA33E451955FA4D004E222D /* NorthwoodCoC.entitlements */,
				2E52E3DD1948AE0E00B46786 /* NorthwoodApp */,
				2E52E3F61948AE0F00B46786 /* NorthwoodAppTests */,
				2E52E3D61948AE0E00B46786 /* Frameworks */,
				2E52E3D51948AE0E00B46786 /* Products */,
			);
			sourceTree = "<group>";
		};
		2E52E3D51948AE0E00B46786 /* Products */ = {
			isa = PBXGroup;
			children = (
				2E52E3D41948AE0E00B46786 /* NorthwoodCoC.app */,
				2E52E3EF1948AE0F00B46786 /* NorthwoodCoCTests.xctest */,
			);
			name = Products;
			sourceTree = "<group>";
		};
		2E52E3D61948AE0E00B46786 /* Frameworks */ = {
			isa = PBXGroup;
			children = (
				2E722F4B1978C41E006EB580 /* libipconfig.dylib */,
				2E722F3F1978BDDB006EB580 /* libxml2.2.dylib */,
				2E722F3B1978BB82006EB580 /* libz.1.1.3.dylib */,
				2E722F391978BB6B006EB580 /* libz.dylib */,
				2E722F371978BB49006EB580 /* MobileCoreServices.framework */,
				2E722F351978BB3A006EB580 /* SystemConfiguration.framework */,
				2E722F2D1978B8EA006EB580 /* CFNetwork.framework */,
				2E52E56A1959F7A800CC0BD4 /* AVFoundation.framework */,
				2E3472321953B7B700AC769B /* Social.framework */,
				2E205E8F194B84770092C8BF /* libxml2.dylib */,
				2E52E3D71948AE0E00B46786 /* Foundation.framework */,
				2E52E3D91948AE0E00B46786 /* CoreGraphics.framework */,
				2E52E3DB1948AE0E00B46786 /* UIKit.framework */,
			);
			name = Frameworks;
			sourceTree = "<group>";
		};
		2E52E3DD1948AE0E00B46786 /* NorthwoodApp */ = {
			isa = PBXGroup;
			children = (
				2E52E3E61948AE0E00B46786 /* AppDelegate.h */,
				2E52E3E71948AE0E00B46786 /* AppDelegate.m */,
				2E8414331A284E8A0039B94F /* SlidingMenu */,
				2E4B16A11952094100641710 /* Models */,
				2E41833C1950A78C006D52EC /* Cell Views */,
				2E52E4301948BD9800B46786 /* Controllers */,
				2E722F151978B014006EB580 /* ASIHTTPRequest */,
				2E4F92AE194B65B300BC23F2 /* TFHpple */,
				2E632D6C19758DAE006EA4C4 /* Network Status */,
				2E722F541978E3A9006EB580 /* File Downloader */,
				2EA0F8F11A3E431F00A7AE20 /* PDF Cleaner */,
				2E52E3DE1948AE0E00B46786 /* Supporting Files */,
				2E52E3E91948AE0E00B46786 /* Images.xcassets */,
			);
			path = NorthwoodApp;
			sourceTree = "<group>";
		};
		2E52E3DE1948AE0E00B46786 /* Supporting Files */ = {
			isa = PBXGroup;
			children = (
				2E52E4471948DCF800B46786 /* images */,
				2E52E3DF1948AE0E00B46786 /* NorthwoodCoC-Info.plist */,
				2E52E3E01948AE0E00B46786 /* InfoPlist.strings */,
				2E52E3E31948AE0E00B46786 /* main.m */,
				2E52E3E51948AE0E00B46786 /* NorthwoodCoC-Prefix.pch */,
			);
			name = "Supporting Files";
			sourceTree = "<group>";
		};
		2E52E3F61948AE0F00B46786 /* NorthwoodAppTests */ = {
			isa = PBXGroup;
			children = (
				2E52E3FC1948AE0F00B46786 /* NorthwoodAppTests.m */,
				2E52E3F71948AE0F00B46786 /* Supporting Files */,
			);
			path = NorthwoodAppTests;
			sourceTree = "<group>";
		};
		2E52E3F71948AE0F00B46786 /* Supporting Files */ = {
			isa = PBXGroup;
			children = (
				2E52E3F81948AE0F00B46786 /* NorthwoodCoCTests-Info.plist */,
				2E52E3F91948AE0F00B46786 /* InfoPlist.strings */,
			);
			name = "Supporting Files";
			sourceTree = "<group>";
		};
		2E52E4301948BD9800B46786 /* Controllers */ = {
			isa = PBXGroup;
			children = (
				2E52E4331948BD9800B46786 /* View Controllers */,
				2E69A33C194E3D0C00890226 /* Navigation Controllers */,
				2E52E4321948BD9800B46786 /* tab bar controller */,
			);
			name = Controllers;
			path = controllers;
			sourceTree = "<group>";
		};
		2E52E4321948BD9800B46786 /* tab bar controller */ = {
			isa = PBXGroup;
			children = (
				2E7021C8197ECC260037CBE5 /* TabBarController.h */,
				2E7021C9197ECC260037CBE5 /* TabBarController.m */,
			);
			name = "tab bar controller";
			path = "other controllers";
			sourceTree = "<group>";
		};
		2E52E4331948BD9800B46786 /* View Controllers */ = {
			isa = PBXGroup;
			children = (
				2E3F6B2C1957DE6E00EE95B1 /* Universal Web View */,
				2E5B18F21962588900E96F61 /* Mail Request */,
				2E1D6E66194F795D00819888 /* Settings */,
				2E1D6E63194F793D00819888 /* Home */,
				2E1D6E64194F794800819888 /* Sermons */,
				2E1D6E65194F795400819888 /* Members */,
				2E9CD72219562B2200822E1D /* Contact us */,
			);
			name = "View Controllers";
			path = "view controllers";
			sourceTree = "<group>";
		};
		2E52E4471948DCF800B46786 /* images */ = {
			isa = PBXGroup;
			children = (
				2E3F25C61A25701A00F49267 /* media23.png */,
				2E3F25C41A25700200F49267 /* pause44.png */,
				2E7F0DDF19FADCDF001595E0 /* cogwheel22.png */,
				2E7F0DE019FADCDF001595E0 /* cogwheel22@2x.png */,
				2EA4F34F19A4E07C001E1261 /* list26.png */,
				2EA4F35019A4E07C001E1261 /* list26@2x.png */,
				2E5D4AB01985A21E004FC91B /* crowd@2x.png */,
				2E5D4AB11985A21E004FC91B /* home65@2x.png */,
				2E5D4AB21985A21E004FC91B /* multiple25@2x.png */,
				2E5D4AB31985A21E004FC91B /* phone329@2x.png */,
				2E5D4AB41985A21E004FC91B /* read2@2x.png */,
				2E5D4A7A19859FB6004FC91B /* 07bible.jpg */,
				2E5D4A7B19859FB6004FC91B /* bible.png */,
				2E5D4A7C19859FB6004FC91B /* businessman212.png */,
				2E5D4A7D19859FB6004FC91B /* crowd.png */,
				2E5D4A7E19859FB6004FC91B /* crowdBIG.png */,
				2E5D4A7F19859FB6004FC91B /* home65.png */,
				2E5D4AAE1985A1D4004FC91B /* home65BIG.png */,
				2E5D4A8119859FB6004FC91B /* multiple25.png */,
				2E5D4A8219859FB6004FC91B /* multiple25BIG.png */,
				2E5D4A8319859FB6004FC91B /* NorthwoodCoCIcon.png */,
				2E5D4A8419859FB6004FC91B /* icon_58.png */,
				2E5D4A8519859FB6004FC91B /* icon_80.png */,
				2E5D4A8619859FB6004FC91B /* icon_120.png */,
				2E5D4A8819859FB6004FC91B /* Northwood_splash35.png */,
				2E5D4A8919859FB6004FC91B /* Northwood_splash4.png */,
				2E5D4A8A19859FB6004FC91B /* philippians-series.jpg */,
				2E5D4A8B19859FB6004FC91B /* phillipians.png */,
				2E5D4A8C19859FB6004FC91B /* phone329.png */,
				2E5D4A8D19859FB6004FC91B /* phone329BIG.png */,
				2E5D4A8E19859FB6004FC91B /* read2.png */,
				2E5D4A8F19859FB6004FC91B /* read2BIG.png */,
				2E5D4A9019859FB6004FC91B /* Twitter_filled.png */,
				2E5D4A9119859FB6004FC91B /* Twitter_filled@2x.png */,
				2E5D4A9219859FB6004FC91B /* Twitter.png */,
				2E5D4A9319859FB6004FC91B /* Twitter2x.png */,
			);
			path = images;
			sourceTree = "<group>";
		};
		2E5B18F21962588900E96F61 /* Mail Request */ = {
			isa = PBXGroup;
			children = (
				2E5B18ED1962588300E96F61 /* MailRequestViewController.h */,
				2E5B18EE1962588300E96F61 /* MailRequestViewController.m */,
				2E5B18EF1962588300E96F61 /* MailRequestViewController.xib */,
			);
			name = "Mail Request";
			sourceTree = "<group>";
		};
		2E614501195BE0310015F7BD /* Home */ = {
			isa = PBXGroup;
			children = (
				2E69A33D194E3D0C00890226 /* HomeNavigationViewController.h */,
				2E69A33E194E3D0C00890226 /* HomeNavigationViewController.m */,
			);
			name = Home;
			sourceTree = "<group>";
		};
		2E614502195BE0390015F7BD /* Members */ = {
			isa = PBXGroup;
			children = (
				2E69A33F194E3D0C00890226 /* NewsNavigationViewController.h */,
				2E69A340194E3D0C00890226 /* NewsNavigationViewController.m */,
			);
			name = Members;
			sourceTree = "<group>";
		};
		2E614503195BE03F0015F7BD /* Sermons */ = {
			isa = PBXGroup;
			children = (
				2E69A341194E3D0C00890226 /* SermonsNavigationViewController.h */,
				2E69A342194E3D0C00890226 /* SermonsNavigationViewController.m */,
			);
			name = Sermons;
			sourceTree = "<group>";
		};
		2E614504195BE0450015F7BD /* Contact */ = {
			isa = PBXGroup;
			children = (
				2E9CD72319562C0C00822E1D /* ContactUsNavigationViewController.h */,
				2E9CD72419562C0C00822E1D /* ContactUsNavigationViewController.m */,
			);
			name = Contact;
			sourceTree = "<group>";
		};
		2E632A8E196C811000B18C66 /* Home View */ = {
			isa = PBXGroup;
			children = (
				2E52E4341948BD9800B46786 /* HomeViewController.h */,
				2E52E4351948BD9800B46786 /* HomeViewController.m */,
				2E52E4361948BD9800B46786 /* HomeViewController.xib */,
			);
			name = "Home View";
			sourceTree = "<group>";
		};
		2E632D6C19758DAE006EA4C4 /* Network Status */ = {
			isa = PBXGroup;
			children = (
				2E632D6919758DA9006EA4C4 /* NetworkStatus.h */,
				2E632D6A19758DA9006EA4C4 /* NetworkStatus.m */,
			);
			name = "Network Status";
			sourceTree = "<group>";
		};
		2E69A33C194E3D0C00890226 /* Navigation Controllers */ = {
			isa = PBXGroup;
			children = (
				2E614501195BE0310015F7BD /* Home */,
				2E614502195BE0390015F7BD /* Members */,
				2E614503195BE03F0015F7BD /* Sermons */,
				2E614504195BE0450015F7BD /* Contact */,
				2E945BC819F69B3D00A135FA /* Settings */,
			);
			name = "Navigation Controllers";
			path = "navigation view controllers";
			sourceTree = "<group>";
		};
		2E6CD0BA19568BA7007B7BF8 /* Contact Us */ = {
			isa = PBXGroup;
			children = (
				2E6CD0B719568BA3007B7BF8 /* ContactUs.h */,
				2E6CD0B819568BA3007B7BF8 /* ContactUs.m */,
			);
			name = "Contact Us";
			sourceTree = "<group>";
		};
		2E6CD0C019568BDA007B7BF8 /* Contact Us Cell */ = {
			isa = PBXGroup;
			children = (
				2E6CD0BB19568BD4007B7BF8 /* ContactUsTableViewCell.h */,
				2E6CD0BC19568BD4007B7BF8 /* ContactUsTableViewCell.m */,
				2E6CD0BD19568BD4007B7BF8 /* ContactUsTableViewCell.xib */,
			);
			name = "Contact Us Cell";
			sourceTree = "<group>";
		};
		2E722F151978B014006EB580 /* ASIHTTPRequest */ = {
			isa = PBXGroup;
			children = (
				2E722F4E1978C6FA006EB580 /* Reachability.h */,
				2E722F4F1978C6FA006EB580 /* Reachability.m */,
				2E722F2F1978B9F9006EB580 /* ASINetworkQueue.h */,
				2E722F301978B9F9006EB580 /* ASINetworkQueue.m */,
				2E722F271978B78E006EB580 /* ASIDataCompressor.h */,
				2E722F281978B78E006EB580 /* ASIDataCompressor.m */,
				2E722F291978B78E006EB580 /* ASIDataDecompressor.h */,
				2E722F2A1978B78E006EB580 /* ASIDataDecompressor.m */,
				2E722F241978B732006EB580 /* ASIInputStream.h */,
				2E722F251978B732006EB580 /* ASIInputStream.m */,
				2E722F211978B6DF006EB580 /* ASIAuthenticationDialog.h */,
				2E722F221978B6DF006EB580 /* ASIAuthenticationDialog.m */,
				2E722F201978B4D1006EB580 /* ASICacheDelegate.h */,
				2E722F1C1978B4A1006EB580 /* ASIDownloadCache.h */,
				2E722F1D1978B4A1006EB580 /* ASIDownloadCache.m */,
				2E722F1B1978B47C006EB580 /* ASIProgressDelegate.h */,
				2E722F101978B00A006EB580 /* ASIHTTPRequest.h */,
				2E722F111978B00A006EB580 /* ASIHTTPRequest.m */,
				2E722F121978B00A006EB580 /* ASIHTTPRequestConfig.h */,
				2E722F131978B00A006EB580 /* ASIHTTPRequestDelegate.h */,
			);
			name = ASIHTTPRequest;
			sourceTree = "<group>";
		};
		2E722F541978E3A9006EB580 /* File Downloader */ = {
			isa = PBXGroup;
			children = (
				2E722F511978E3A4006EB580 /* FileDownloader.h */,
				2E722F521978E3A4006EB580 /* FileDownloader.m */,
			);
			name = "File Downloader";
			sourceTree = "<group>";
		};
		2E789DF6195110870061423E /* loggedin view */ = {
			isa = PBXGroup;
			children = (
				2E4A7399194F446900A17188 /* NewsLoggedinViewController.h */,
				2E4A739A194F446900A17188 /* NewsLoggedinViewController.m */,
				2E4A739B194F446900A17188 /* NewsLoggedinViewController.xib */,
			);
			name = "loggedin view";
			sourceTree = "<group>";
		};
		2E789DFD19511CF60061423E /* Sermon Cell */ = {
			isa = PBXGroup;
			children = (
				2E4183371950A77F006D52EC /* SermonsTableViewCell.h */,
				2E4183381950A77F006D52EC /* SermonsTableViewCell.m */,
				2E4183391950A77F006D52EC /* SermonsTableViewCell.xib */,
			);
			name = "Sermon Cell";
			sourceTree = "<group>";
		};
		2E789E0F1951270A0061423E /* Prayer List Cell */ = {
			isa = PBXGroup;
			children = (
				2E789E0A195127040061423E /* PrayerListTableViewCell.h */,
				2E789E0B195127040061423E /* PrayerListTableViewCell.m */,
				2E789E0C195127040061423E /* PrayerListTableViewCell.xib */,
			);
			name = "Prayer List Cell";
			sourceTree = "<group>";
		};
		2E8414331A284E8A0039B94F /* SlidingMenu */ = {
			isa = PBXGroup;
			children = (
				2E9B626E19F4700A00AD351B /* SlidingMenuController.h */,
				2E9B626F19F4700A00AD351B /* SlidingMenuController.m */,
				2E9B627019F4700A00AD351B /* SlidingMenuController.xib */,
			);
			name = SlidingMenu;
			sourceTree = "<group>";
		};
		2E8536D219540D1C00C8864E /* login view */ = {
			isa = PBXGroup;
			children = (
				2E8536CD19540D1900C8864E /* LogginginViewController.h */,
				2E8536CE19540D1900C8864E /* LogginginViewController.m */,
				2E8536CF19540D1900C8864E /* LogginginViewController.xib */,
			);
			name = "login view";
			sourceTree = "<group>";
		};
		2E8B4A851A2F505800B43E9A /* Sermon Year */ = {
			isa = PBXGroup;
			children = (
				2E8B4A821A2F504C00B43E9A /* SermonYear.h */,
				2E8B4A831A2F504C00B43E9A /* SermonYear.m */,
			);
			name = "Sermon Year";
			sourceTree = "<group>";
		};
		2E945BC819F69B3D00A135FA /* Settings */ = {
			isa = PBXGroup;
			children = (
				2E945BC519F69B3800A135FA /* SettingsNavigationViewController.h */,
				2E945BC619F69B3800A135FA /* SettingsNavigationViewController.m */,
			);
			name = Settings;
			sourceTree = "<group>";
		};
		2E9CD70B19560E3F00822E1D /* Sermon Date Cell */ = {
			isa = PBXGroup;
			children = (
				2E9CD70619560E3900822E1D /* SermonDateTableViewCell.h */,
				2E9CD70719560E3900822E1D /* SermonDateTableViewCell.m */,
				2E9CD70819560E3900822E1D /* SermonDateTableViewCell.xib */,
			);
			name = "Sermon Date Cell";
			sourceTree = "<group>";
		};
		2E9CD713195620DB00822E1D /* Directory */ = {
			isa = PBXGroup;
			children = (
				2E9CD7261956437400822E1D /* Directory.h */,
				2E9CD7271956437400822E1D /* Directory.m */,
			);
			name = Directory;
			sourceTree = "<group>";
		};
		2E9CD7191956213B00822E1D /* Directory Cell */ = {
			isa = PBXGroup;
			children = (
				2E9CD7141956213700822E1D /* DirectoryTableViewCell.h */,
				2E9CD7151956213700822E1D /* DirectoryTableViewCell.m */,
				2E9CD7161956213700822E1D /* DirectoryTableViewCell.xib */,
			);
			name = "Directory Cell";
			sourceTree = "<group>";
		};
		2E9CD72219562B2200822E1D /* Contact us */ = {
			isa = PBXGroup;
			children = (
				2E9CD71D19562B1B00822E1D /* ContactUsViewController.h */,
				2E9CD71E19562B1B00822E1D /* ContactUsViewController.m */,
				2E9CD71F19562B1B00822E1D /* ContactUsViewController.xib */,
			);
			name = "Contact us";
			sourceTree = "<group>";
		};
		2EA0F8F11A3E431F00A7AE20 /* PDF Cleaner */ = {
			isa = PBXGroup;
			children = (
				2EA0F8EE1A3E431700A7AE20 /* PDFCleaner.h */,
				2EA0F8EF1A3E431700A7AE20 /* PDFCleaner.m */,
			);
			name = "PDF Cleaner";
			sourceTree = "<group>";
		};
		2EABE9161A243A8600C20922 /* Audio Player Cell */ = {
			isa = PBXGroup;
			children = (
				2EABE9111A243A8100C20922 /* AudioPlayerTableViewCell.h */,
				2EABE9121A243A8100C20922 /* AudioPlayerTableViewCell.m */,
				2EABE9131A243A8100C20922 /* AudioPlayerTableViewCell.xib */,
			);
			name = "Audio Player Cell";
			sourceTree = "<group>";
		};
		2EBC926C1951F92700758A1E /* Bulletin Cell */ = {
			isa = PBXGroup;
			children = (
				2EBC92671951F8A600758A1E /* BulletinTableViewCell.h */,
				2EBC92681951F8A600758A1E /* BulletinTableViewCell.m */,
				2EBC92691951F8A600758A1E /* BulletinTableViewCell.xib */,
			);
			name = "Bulletin Cell";
			sourceTree = "<group>";
		};
/* End PBXGroup section */

/* Begin PBXNativeTarget section */
		2E52E3D31948AE0E00B46786 /* NorthwoodCoC */ = {
			isa = PBXNativeTarget;
			buildConfigurationList = 2E52E4001948AE0F00B46786 /* Build configuration list for PBXNativeTarget "NorthwoodCoC" */;
			buildPhases = (
				2E52E3D01948AE0E00B46786 /* Sources */,
				2E52E3D11948AE0E00B46786 /* Frameworks */,
				2E52E3D21948AE0E00B46786 /* Resources */,
			);
			buildRules = (
			);
			dependencies = (
			);
			name = NorthwoodCoC;
			productName = NorthwoodApp;
			productReference = 2E52E3D41948AE0E00B46786 /* NorthwoodCoC.app */;
			productType = "com.apple.product-type.application";
		};
		2E52E3EE1948AE0F00B46786 /* NorthwoodCoCTests */ = {
			isa = PBXNativeTarget;
			buildConfigurationList = 2E52E4031948AE0F00B46786 /* Build configuration list for PBXNativeTarget "NorthwoodCoCTests" */;
			buildPhases = (
				2E52E3EB1948AE0F00B46786 /* Sources */,
				2E52E3EC1948AE0F00B46786 /* Frameworks */,
				2E52E3ED1948AE0F00B46786 /* Resources */,
			);
			buildRules = (
			);
			dependencies = (
				2E52E3F51948AE0F00B46786 /* PBXTargetDependency */,
			);
			name = NorthwoodCoCTests;
			productName = NorthwoodAppTests;
			productReference = 2E52E3EF1948AE0F00B46786 /* NorthwoodCoCTests.xctest */;
			productType = "com.apple.product-type.bundle.unit-test";
		};
/* End PBXNativeTarget section */

/* Begin PBXProject section */
		2E52E3CC1948AE0E00B46786 /* Project object */ = {
			isa = PBXProject;
			attributes = {
				CLASSPREFIX = "";
				LastUpgradeCheck = 0510;
				ORGANIZATIONNAME = "Greyson Wright";
				TargetAttributes = {
					2E52E3D31948AE0E00B46786 = {
						DevelopmentTeam = 2SP6H22NCZ;
						SystemCapabilities = {
							com.apple.InterAppAudio = {
								enabled = 0;
							};
							com.apple.iOS = {
								enabled = 0;
							};
						};
					};
					2E52E3EE1948AE0F00B46786 = {
						TestTargetID = 2E52E3D31948AE0E00B46786;
					};
				};
			};
			buildConfigurationList = 2E52E3CF1948AE0E00B46786 /* Build configuration list for PBXProject "NorthwoodCoC" */;
			compatibilityVersion = "Xcode 3.2";
			developmentRegion = English;
			hasScannedForEncodings = 0;
			knownRegions = (
				en,
			);
			mainGroup = 2E52E3CB1948AE0E00B46786;
			productRefGroup = 2E52E3D51948AE0E00B46786 /* Products */;
			projectDirPath = "";
			projectRoot = "";
			targets = (
				2E52E3D31948AE0E00B46786 /* NorthwoodCoC */,
				2E52E3EE1948AE0F00B46786 /* NorthwoodCoCTests */,
			);
		};
/* End PBXProject section */

/* Begin PBXResourcesBuildPhase section */
		2E52E3D21948AE0E00B46786 /* Resources */ = {
			isa = PBXResourcesBuildPhase;
			buildActionMask = 2147483647;
			files = (
				2E5D4A9E19859FB6004FC91B /* icon_58.png in Resources */,
				2E5D4AAD19859FB6004FC91B /* Twitter2x.png in Resources */,
				2E5B18F11962588300E96F61 /* MailRequestViewController.xib in Resources */,
				2E52E3E21948AE0E00B46786 /* InfoPlist.strings in Resources */,
				2E6CD0BF19568BD4007B7BF8 /* ContactUsTableViewCell.xib in Resources */,
				2E5D4A9519859FB6004FC91B /* bible.png in Resources */,
				2E9CD70A19560E3900822E1D /* SermonDateTableViewCell.xib in Resources */,
				2E5D4A9F19859FB6004FC91B /* icon_80.png in Resources */,
				2E5D4AB51985A21E004FC91B /* crowd@2x.png in Resources */,
				2E5D4AA619859FB6004FC91B /* phone329.png in Resources */,
				2E41833B1950A77F006D52EC /* SermonsTableViewCell.xib in Resources */,
				2E3F25C51A25700200F49267 /* pause44.png in Resources */,
				2E52E3EA1948AE0E00B46786 /* Images.xcassets in Resources */,
				2E5D4AA319859FB6004FC91B /* Northwood_splash4.png in Resources */,
				2E5D4AAA19859FB6004FC91B /* Twitter_filled.png in Resources */,
				2E205E9C194B8DD90092C8BF /* SermonsViewController.xib in Resources */,
				2E5D4AB71985A21E004FC91B /* multiple25@2x.png in Resources */,
				2E3F25C71A25701A00F49267 /* media23.png in Resources */,
				2E5D4A9419859FB6004FC91B /* 07bible.jpg in Resources */,
				2E4B16AB19521D3500641710 /* DutyRosterTableViewCell.xib in Resources */,
				2EA4F35219A4E07C001E1261 /* list26@2x.png in Resources */,
				2E9B627219F4700A00AD351B /* SlidingMenuController.xib in Resources */,
				2E3F6B2B1957DE6500EE95B1 /* UniversalWebViewViewController.xib in Resources */,
				2E9EFB5D196B4F4C003E7468 /* Default-568h@2x.png in Resources */,
				2E5D4AA819859FB6004FC91B /* read2.png in Resources */,
				2E1D6E70194F79A400819888 /* Sermons2010ViewController.xib in Resources */,
				2EA4F35119A4E07C001E1261 /* list26.png in Resources */,
				2E5D4A9C19859FB6004FC91B /* multiple25BIG.png in Resources */,
				2E7F0DE119FADCDF001595E0 /* cogwheel22.png in Resources */,
				2E5D4AB91985A21E004FC91B /* read2@2x.png in Resources */,
				2E5D4AAB19859FB6004FC91B /* Twitter_filled@2x.png in Resources */,
				2E52E5701959F95100CC0BD4 /* BigTweetViewController.xib in Resources */,
				2E5D4AAF1985A1D4004FC91B /* home65BIG.png in Resources */,
				2EABE9151A243A8100C20922 /* AudioPlayerTableViewCell.xib in Resources */,
				2E5D4AA019859FB6004FC91B /* icon_120.png in Resources */,
				2E7F0DE219FADCDF001595E0 /* cogwheel22@2x.png in Resources */,
				2E4A739D194F446900A17188 /* NewsLoggedinViewController.xib in Resources */,
				2E5D4AA219859FB6004FC91B /* Northwood_splash35.png in Resources */,
				2E5D4AAC19859FB6004FC91B /* Twitter.png in Resources */,
				2E5D4AA519859FB6004FC91B /* phillipians.png in Resources */,
				2E5D4A9719859FB6004FC91B /* crowd.png in Resources */,
				2E52E4381948BD9800B46786 /* HomeViewController.xib in Resources */,
				2E5D4AB61985A21E004FC91B /* home65@2x.png in Resources */,
				2E5D4A9919859FB6004FC91B /* home65.png in Resources */,
				2E4B16BE19522F3B00641710 /* TweetTableViewCell.xib in Resources */,
				2E52E44C1948E19A00B46786 /* SettingsViewController.xib in Resources */,
				2E5D4AB81985A21E004FC91B /* phone329@2x.png in Resources */,
				2E5D4A9619859FB6004FC91B /* businessman212.png in Resources */,
				2E9CD72119562B1B00822E1D /* ContactUsViewController.xib in Resources */,
				2E8536D119540D1900C8864E /* LogginginViewController.xib in Resources */,
				2EBC926B1951F8A600758A1E /* BulletinTableViewCell.xib in Resources */,
				2E5D4A9D19859FB6004FC91B /* NorthwoodCoCIcon.png in Resources */,
				2E789E0E195127040061423E /* PrayerListTableViewCell.xib in Resources */,
				2E5D4AA419859FB6004FC91B /* philippians-series.jpg in Resources */,
				2E5D4A9819859FB6004FC91B /* crowdBIG.png in Resources */,
				2E5D4AA919859FB6004FC91B /* read2BIG.png in Resources */,
				2E5D4A9B19859FB6004FC91B /* multiple25.png in Resources */,
				2E5D4AA719859FB6004FC91B /* phone329BIG.png in Resources */,
				2E9CD7181956213700822E1D /* DirectoryTableViewCell.xib in Resources */,
			);
			runOnlyForDeploymentPostprocessing = 0;
		};
		2E52E3ED1948AE0F00B46786 /* Resources */ = {
			isa = PBXResourcesBuildPhase;
			buildActionMask = 2147483647;
			files = (
				2E52E3FB1948AE0F00B46786 /* InfoPlist.strings in Resources */,
			);
			runOnlyForDeploymentPostprocessing = 0;
		};
/* End PBXResourcesBuildPhase section */

/* Begin PBXSourcesBuildPhase section */
		2E52E3D01948AE0E00B46786 /* Sources */ = {
			isa = PBXSourcesBuildPhase;
			buildActionMask = 2147483647;
			files = (
				2E4B16AF19521D5100641710 /* DutyRoster.m in Sources */,
				2E52E3E81948AE0E00B46786 /* AppDelegate.m in Sources */,
				2E8B4A841A2F504C00B43E9A /* SermonYear.m in Sources */,
				2E4F92B6194B65B300BC23F2 /* TFHppleElement.m in Sources */,
				2E9B627119F4700A00AD351B /* SlidingMenuController.m in Sources */,
				2E7021CA197ECC260037CBE5 /* TabBarController.m in Sources */,
				2E9CD72519562C0C00822E1D /* ContactUsNavigationViewController.m in Sources */,
				2E6CD0B919568BA3007B7BF8 /* ContactUs.m in Sources */,
				2EABE9141A243A8100C20922 /* AudioPlayerTableViewCell.m in Sources */,
				2E52E44B1948E19A00B46786 /* SettingsViewController.m in Sources */,
				2E52E3E41948AE0E00B46786 /* main.m in Sources */,
				2E722F501978C6FA006EB580 /* Reachability.m in Sources */,
				2E69A346194E3D0C00890226 /* NewsNavigationViewController.m in Sources */,
				2E69A345194E3D0C00890226 /* HomeNavigationViewController.m in Sources */,
				2E722F231978B6DF006EB580 /* ASIAuthenticationDialog.m in Sources */,
				2E6CD0BE19568BD4007B7BF8 /* ContactUsTableViewCell.m in Sources */,
				2E52E56F1959F95100CC0BD4 /* BigTweetViewController.m in Sources */,
				2E9CD7281956437400822E1D /* Directory.m in Sources */,
				2E4F92B7194B65B300BC23F2 /* XPathQuery.m in Sources */,
				2EA0F8F01A3E431700A7AE20 /* PDFCleaner.m in Sources */,
				2E5B18F01962588300E96F61 /* MailRequestViewController.m in Sources */,
				2E4B16B91952274000641710 /* Tweet.m in Sources */,
				2E722F531978E3A4006EB580 /* FileDownloader.m in Sources */,
				2E41833A1950A77F006D52EC /* SermonsTableViewCell.m in Sources */,
				2E3F6B2A1957DE6500EE95B1 /* UniversalWebViewViewController.m in Sources */,
				2E4F92B5194B65B300BC23F2 /* TFHpple.m in Sources */,
				2E8536D019540D1900C8864E /* LogginginViewController.m in Sources */,
				2E9CD72019562B1B00822E1D /* ContactUsViewController.m in Sources */,
				2E9CD70919560E3900822E1D /* SermonDateTableViewCell.m in Sources */,
				2EBC926A1951F8A600758A1E /* BulletinTableViewCell.m in Sources */,
				2E1D6E61194F695600819888 /* Bulletin.m in Sources */,
				2E205E9B194B8DD90092C8BF /* SermonsViewController.m in Sources */,
				2E69A347194E3D0C00890226 /* SermonsNavigationViewController.m in Sources */,
				2E789E0D195127040061423E /* PrayerListTableViewCell.m in Sources */,
				2E4B16AA19521D3500641710 /* DutyRosterTableViewCell.m in Sources */,
				2E722F461978C100006EB580 /* ASIDownloadCache.m in Sources */,
				2E69A33B194E3B1A00890226 /* Sermon.m in Sources */,
				2E52E4371948BD9800B46786 /* HomeViewController.m in Sources */,
				2E4B16BD19522F3B00641710 /* TweetTableViewCell.m in Sources */,
				2E789E12195130B70061423E /* PrayerList.m in Sources */,
				2E722F471978C100006EB580 /* ASIHTTPRequest.m in Sources */,
				2E632D6B19758DA9006EA4C4 /* NetworkStatus.m in Sources */,
				2E9CD7171956213700822E1D /* DirectoryTableViewCell.m in Sources */,
				2E722F431978C100006EB580 /* ASINetworkQueue.m in Sources */,
				2E945BC719F69B3800A135FA /* SettingsNavigationViewController.m in Sources */,
				2E4A739C194F446900A17188 /* NewsLoggedinViewController.m in Sources */,
				2E722F451978C100006EB580 /* ASIInputStream.m in Sources */,
				2E722F2C1978B78E006EB580 /* ASIDataDecompressor.m in Sources */,
				2E1D6E6F194F79A400819888 /* Sermons2010ViewController.m in Sources */,
				2E722F441978C100006EB580 /* ASIDataCompressor.m in Sources */,
			);
			runOnlyForDeploymentPostprocessing = 0;
		};
		2E52E3EB1948AE0F00B46786 /* Sources */ = {
			isa = PBXSourcesBuildPhase;
			buildActionMask = 2147483647;
			files = (
				2E52E3FD1948AE0F00B46786 /* NorthwoodAppTests.m in Sources */,
			);
			runOnlyForDeploymentPostprocessing = 0;
		};
/* End PBXSourcesBuildPhase section */

/* Begin PBXTargetDependency section */
		2E52E3F51948AE0F00B46786 /* PBXTargetDependency */ = {
			isa = PBXTargetDependency;
			target = 2E52E3D31948AE0E00B46786 /* NorthwoodCoC */;
			targetProxy = 2E52E3F41948AE0F00B46786 /* PBXContainerItemProxy */;
		};
/* End PBXTargetDependency section */

/* Begin PBXVariantGroup section */
		2E52E3E01948AE0E00B46786 /* InfoPlist.strings */ = {
			isa = PBXVariantGroup;
			children = (
				2E52E3E11948AE0E00B46786 /* en */,
			);
			name = InfoPlist.strings;
			sourceTree = "<group>";
		};
		2E52E3F91948AE0F00B46786 /* InfoPlist.strings */ = {
			isa = PBXVariantGroup;
			children = (
				2E52E3FA1948AE0F00B46786 /* en */,
			);
			name = InfoPlist.strings;
			sourceTree = "<group>";
		};
/* End PBXVariantGroup section */

/* Begin XCBuildConfiguration section */
		2E52E3FE1948AE0F00B46786 /* Debug */ = {
			isa = XCBuildConfiguration;
			buildSettings = {
				ALWAYS_SEARCH_USER_PATHS = NO;
				CLANG_CXX_LANGUAGE_STANDARD = "gnu++0x";
				CLANG_CXX_LIBRARY = "libc++";
				CLANG_ENABLE_MODULES = YES;
				CLANG_ENABLE_OBJC_ARC = YES;
				CLANG_WARN_BOOL_CONVERSION = YES;
				CLANG_WARN_CONSTANT_CONVERSION = YES;
				CLANG_WARN_DIRECT_OBJC_ISA_USAGE = YES_ERROR;
				CLANG_WARN_EMPTY_BODY = YES;
				CLANG_WARN_ENUM_CONVERSION = YES;
				CLANG_WARN_INT_CONVERSION = YES;
				CLANG_WARN_OBJC_ROOT_CLASS = YES_ERROR;
				CLANG_WARN__DUPLICATE_METHOD_MATCH = YES;
				"CODE_SIGN_IDENTITY[sdk=iphoneos*]" = "iPhone Developer";
				COPY_PHASE_STRIP = NO;
				GCC_C_LANGUAGE_STANDARD = gnu99;
				GCC_DYNAMIC_NO_PIC = NO;
				GCC_OPTIMIZATION_LEVEL = 0;
				GCC_PREPROCESSOR_DEFINITIONS = (
					"DEBUG=1",
					"$(inherited)",
				);
				GCC_SYMBOLS_PRIVATE_EXTERN = NO;
				GCC_WARN_64_TO_32_BIT_CONVERSION = YES;
				GCC_WARN_ABOUT_RETURN_TYPE = YES_ERROR;
				GCC_WARN_UNDECLARED_SELECTOR = YES;
				GCC_WARN_UNINITIALIZED_AUTOS = YES_AGGRESSIVE;
				GCC_WARN_UNUSED_FUNCTION = YES;
				GCC_WARN_UNUSED_VARIABLE = YES;
				IPHONEOS_DEPLOYMENT_TARGET = 7.0;
				ONLY_ACTIVE_ARCH = YES;
				SDKROOT = iphoneos;
			};
			name = Debug;
		};
		2E52E3FF1948AE0F00B46786 /* Release */ = {
			isa = XCBuildConfiguration;
			buildSettings = {
				ALWAYS_SEARCH_USER_PATHS = NO;
				CLANG_CXX_LANGUAGE_STANDARD = "gnu++0x";
				CLANG_CXX_LIBRARY = "libc++";
				CLANG_ENABLE_MODULES = YES;
				CLANG_ENABLE_OBJC_ARC = YES;
				CLANG_WARN_BOOL_CONVERSION = YES;
				CLANG_WARN_CONSTANT_CONVERSION = YES;
				CLANG_WARN_DIRECT_OBJC_ISA_USAGE = YES_ERROR;
				CLANG_WARN_EMPTY_BODY = YES;
				CLANG_WARN_ENUM_CONVERSION = YES;
				CLANG_WARN_INT_CONVERSION = YES;
				CLANG_WARN_OBJC_ROOT_CLASS = YES_ERROR;
				CLANG_WARN__DUPLICATE_METHOD_MATCH = YES;
				"CODE_SIGN_IDENTITY[sdk=iphoneos*]" = "iPhone Developer";
				COPY_PHASE_STRIP = YES;
				ENABLE_NS_ASSERTIONS = NO;
				GCC_C_LANGUAGE_STANDARD = gnu99;
				GCC_WARN_64_TO_32_BIT_CONVERSION = YES;
				GCC_WARN_ABOUT_RETURN_TYPE = YES_ERROR;
				GCC_WARN_UNDECLARED_SELECTOR = YES;
				GCC_WARN_UNINITIALIZED_AUTOS = YES_AGGRESSIVE;
				GCC_WARN_UNUSED_FUNCTION = YES;
				GCC_WARN_UNUSED_VARIABLE = YES;
				IPHONEOS_DEPLOYMENT_TARGET = 7.0;
				SDKROOT = iphoneos;
				VALIDATE_PRODUCT = YES;
			};
			name = Release;
		};
		2E52E4011948AE0F00B46786 /* Debug */ = {
			isa = XCBuildConfiguration;
			buildSettings = {
				ASSETCATALOG_COMPILER_APPICON_NAME = "AppIcon-2";
				ASSETCATALOG_COMPILER_LAUNCHIMAGE_NAME = "LaunchImage-2";
				CODE_SIGN_IDENTITY = "iPhone Developer";
				"CODE_SIGN_IDENTITY[sdk=iphoneos*]" = "iPhone Developer";
				GCC_PRECOMPILE_PREFIX_HEADER = YES;
				GCC_PREFIX_HEADER = "NorthwoodApp/NorthwoodCoC-Prefix.pch";
				HEADER_SEARCH_PATHS = "$(SDKROOT)/usr/include/libxml2";
				INFOPLIST_FILE = "NorthwoodApp/NorthwoodCoC-Info.plist";
				IPHONEOS_DEPLOYMENT_TARGET = 7.0;
				LIBRARY_SEARCH_PATHS = "";
				OTHER_LDFLAGS = (
					"-ObjC",
					"-framework",
					ImageIO,
					"-framework",
					QuartzCore,
				);
				PRODUCT_NAME = NorthwoodCoC;
				PROVISIONING_PROFILE = "";
				TARGETED_DEVICE_FAMILY = 1;
				WRAPPER_EXTENSION = app;
			};
			name = Debug;
		};
		2E52E4021948AE0F00B46786 /* Release */ = {
			isa = XCBuildConfiguration;
			buildSettings = {
				ASSETCATALOG_COMPILER_APPICON_NAME = "AppIcon-2";
				ASSETCATALOG_COMPILER_LAUNCHIMAGE_NAME = "LaunchImage-2";
				CODE_SIGN_IDENTITY = "iPhone Developer";
				"CODE_SIGN_IDENTITY[sdk=iphoneos*]" = "iPhone Developer";
				GCC_PRECOMPILE_PREFIX_HEADER = YES;
				GCC_PREFIX_HEADER = "NorthwoodApp/NorthwoodCoC-Prefix.pch";
				HEADER_SEARCH_PATHS = "$(SDKROOT)/usr/include/libxml2";
				INFOPLIST_FILE = "NorthwoodApp/NorthwoodCoC-Info.plist";
				IPHONEOS_DEPLOYMENT_TARGET = 7.0;
				LIBRARY_SEARCH_PATHS = "";
				OTHER_LDFLAGS = (
					"-ObjC",
					"-framework",
					ImageIO,
					"-framework",
					QuartzCore,
				);
				PRODUCT_NAME = NorthwoodCoC;
				PROVISIONING_PROFILE = "";
				TARGETED_DEVICE_FAMILY = 1;
				WRAPPER_EXTENSION = app;
			};
			name = Release;
		};
		2E52E4041948AE0F00B46786 /* Debug */ = {
			isa = XCBuildConfiguration;
			buildSettings = {
				BUNDLE_LOADER = "$(BUILT_PRODUCTS_DIR)/NorthwoodApp.app/NorthwoodApp";
				FRAMEWORK_SEARCH_PATHS = (
					"$(SDKROOT)/Developer/Library/Frameworks",
					"$(inherited)",
					"$(DEVELOPER_FRAMEWORKS_DIR)",
				);
				GCC_PRECOMPILE_PREFIX_HEADER = YES;
				GCC_PREFIX_HEADER = "NorthwoodApp/NorthwoodApp-Prefix.pch";
				GCC_PREPROCESSOR_DEFINITIONS = (
					"DEBUG=1",
					"$(inherited)",
				);
				INFOPLIST_FILE = "NorthwoodAppTests/NorthwoodCoCTests-Info.plist";
				PRODUCT_NAME = NorthwoodCoCTests;
				TEST_HOST = "$(BUNDLE_LOADER)";
				WRAPPER_EXTENSION = xctest;
			};
			name = Debug;
		};
		2E52E4051948AE0F00B46786 /* Release */ = {
			isa = XCBuildConfiguration;
			buildSettings = {
				BUNDLE_LOADER = "$(BUILT_PRODUCTS_DIR)/NorthwoodApp.app/NorthwoodApp";
				FRAMEWORK_SEARCH_PATHS = (
					"$(SDKROOT)/Developer/Library/Frameworks",
					"$(inherited)",
					"$(DEVELOPER_FRAMEWORKS_DIR)",
				);
				GCC_PRECOMPILE_PREFIX_HEADER = YES;
				GCC_PREFIX_HEADER = "NorthwoodApp/NorthwoodApp-Prefix.pch";
				INFOPLIST_FILE = "NorthwoodAppTests/NorthwoodCoCTests-Info.plist";
				PRODUCT_NAME = NorthwoodCoCTests;
				TEST_HOST = "$(BUNDLE_LOADER)";
				WRAPPER_EXTENSION = xctest;
			};
			name = Release;
		};
/* End XCBuildConfiguration section */

/* Begin XCConfigurationList section */
		2E52E3CF1948AE0E00B46786 /* Build configuration list for PBXProject "NorthwoodCoC" */ = {
			isa = XCConfigurationList;
			buildConfigurations = (
				2E52E3FE1948AE0F00B46786 /* Debug */,
				2E52E3FF1948AE0F00B46786 /* Release */,
			);
			defaultConfigurationIsVisible = 0;
			defaultConfigurationName = Release;
		};
		2E52E4001948AE0F00B46786 /* Build configuration list for PBXNativeTarget "NorthwoodCoC" */ = {
			isa = XCConfigurationList;
			buildConfigurations = (
				2E52E4011948AE0F00B46786 /* Debug */,
				2E52E4021948AE0F00B46786 /* Release */,
			);
			defaultConfigurationIsVisible = 0;
			defaultConfigurationName = Release;
		};
		2E52E4031948AE0F00B46786 /* Build configuration list for PBXNativeTarget "NorthwoodCoCTests" */ = {
			isa = XCConfigurationList;
			buildConfigurations = (
				2E52E4041948AE0F00B46786 /* Debug */,
				2E52E4051948AE0F00B46786 /* Release */,
			);
			defaultConfigurationIsVisible = 0;
			defaultConfigurationName = Release;
		};
/* End XCConfigurationList section */
	};
	rootObject = 2E52E3CC1948AE0E00B46786 /* Project object */;
}
